
Microsoft Visual Studio Solution File, Format Version 12.00
# Visual Studio 14
VisualStudioVersion = 14.0.25420.1
MinimumVisualStudioVersion = 10.0.40219.1
Project("{FAE04EC0-301F-11D3-BF4B-00C04F79EFBC}") = "XParkMinder", "XParkMinder\XParkMinder\XParkMinder.csproj", "{C12D0C5C-C8E7-413A-B60F-5314D25382CB}"
	ProjectSection(ProjectDependencies) = postProject
		{563B4083-B1A9-450A-A7E9-D29E0245430F} = {563B4083-B1A9-450A-A7E9-D29E0245430F}
		{FBABB289-FF9D-4314-B20F-52F3697015E4} = {FBABB289-FF9D-4314-B20F-52F3697015E4}
		{499362A6-81F6-4AE6-83E5-D57206DA4021} = {499362A6-81F6-4AE6-83E5-D57206DA4021}
		{0F8E09C3-E9A3-487C-B53A-DC235803CBD1} = {0F8E09C3-E9A3-487C-B53A-DC235803CBD1}
	EndProjectSection
EndProject
Project("{FAE04EC0-301F-11D3-BF4B-00C04F79EFBC}") = "XParkMinder.Droid", "XParkMinder\XParkMinder.Droid\XParkMinder.Droid.csproj", "{8761C5B5-A2B2-40CE-918B-356852F1986E}"
EndProject
Project("{FAE04EC0-301F-11D3-BF4B-00C04F79EFBC}") = "XParkMinder.iOS", "XParkMinder\XParkMinder.iOS\XParkMinder.iOS.csproj", "{7C8144C2-9FA2-4A15-A4CD-F99E42B4535D}"
EndProject
Project("{2150E333-8FDC-42A3-9474-1A3956D46DE8}") = "01 - Presentation", "01 - Presentation", "{C985F043-DA9F-4383-BBCB-3DDD88559853}"
EndProject
Project("{2150E333-8FDC-42A3-9474-1A3956D46DE8}") = "02 - Distributed Services", "02 - Distributed Services", "{18CA0971-D0B1-464B-AFCF-7EB5E59CC152}"
EndProject
Project("{2150E333-8FDC-42A3-9474-1A3956D46DE8}") = "03 - Application", "03 - Application", "{8BF71017-A031-40DA-A131-AFE1697758AF}"
EndProject
Project("{2150E333-8FDC-42A3-9474-1A3956D46DE8}") = "04 - Domain", "04 - Domain", "{7CF0E131-EF60-4904-A1CF-6731D43597C1}"
EndProject
Project("{2150E333-8FDC-42A3-9474-1A3956D46DE8}") = "05 - Infrastructure", "05 - Infrastructure", "{5D7FCDCB-2DC7-43BD-8EB5-0B2A52CD9A70}"
EndProject
Project("{2150E333-8FDC-42A3-9474-1A3956D46DE8}") = "06 - Testing", "06 - Testing", "{65C5C9CF-25DC-4726-BF59-991AD3D96B17}"
EndProject
Project("{2150E333-8FDC-42A3-9474-1A3956D46DE8}") = "06.1 - Unit Tests", "06.1 - Unit Tests", "{560C1147-E99E-474D-8FA7-818E9CDAD8DF}"
EndProject
Project("{2150E333-8FDC-42A3-9474-1A3956D46DE8}") = "06.2 - Integration Tests", "06.2 - Integration Tests", "{672D73D8-66C2-4B33-BECC-AFB971C77EA2}"
EndProject
Project("{FAE04EC0-301F-11D3-BF4B-00C04F79EFBC}") = "XParkMinder.Domain.Library", "XParkMinder.Domain.Library\XParkMinder.Domain.Library.csproj", "{563B4083-B1A9-450A-A7E9-D29E0245430F}"
EndProject
Project("{FAE04EC0-301F-11D3-BF4B-00C04F79EFBC}") = "XParkMinder.Geo.Contracts.ServiceLibrary", "XParkMinder.Geo.Contracts.ServiceLibrary\XParkMinder.Geo.Contracts.ServiceLibrary.csproj", "{51E9806E-6E59-4BBE-AD3E-F0D7E650242E}"
EndProject
Project("{FAE04EC0-301F-11D3-BF4B-00C04F79EFBC}") = "XParkMinder.Comms.Contracts.ServiceLibrary", "XParkMinder.Comms.Contracts.ServiceLibrary\XParkMinder.Comms.Contracts.ServiceLibrary.csproj", "{565CA967-F774-4F4E-BAEA-001F123D3FBA}"
EndProject
Project("{FAE04EC0-301F-11D3-BF4B-00C04F79EFBC}") = "XParkMinder.Application.Contracts.ServiceLibrary", "XParkMinder.Application.Contracts.ServiceLibrary\XParkMinder.Application.Contracts.ServiceLibrary.csproj", "{96403E0D-B76D-4EA9-9BD7-BD0CD52A7696}"
EndProject
Project("{FAE04EC0-301F-11D3-BF4B-00C04F79EFBC}") = "XParkMinder.Application.Impl.ServiceLibrary", "XParkMinder.Application.Impl.ServiceLibrary\XParkMinder.Application.Impl.ServiceLibrary.csproj", "{FBABB289-FF9D-4314-B20F-52F3697015E4}"
EndProject
Project("{FAE04EC0-301F-11D3-BF4B-00C04F79EFBC}") = "XParkMinder.AzureMobile.Infrastructure.ServiceLibrary", "XParkMinder.AzureMobile.Infrastructure.ServiceLibrary\XParkMinder.AzureMobile.Infrastructure.ServiceLibrary.csproj", "{499362A6-81F6-4AE6-83E5-D57206DA4021}"
EndProject
Project("{FAE04EC0-301F-11D3-BF4B-00C04F79EFBC}") = "XParkMinder.Geo.Impl.ServiceLibrary", "XParkMinder.Geo.Impl.ServiceLibrary\XParkMinder.Geo.Impl.ServiceLibrary.csproj", "{0F8E09C3-E9A3-487C-B53A-DC235803CBD1}"
EndProject
Project("{FAE04EC0-301F-11D3-BF4B-00C04F79EFBC}") = "XParkMinder.UWP", "XParkMinder\XParkMinder.UWP\XParkMinder.UWP.csproj", "{283311C3-4EF9-400F-A1DF-C18A330E3433}"
EndProject
Global
	GlobalSection(SolutionConfigurationPlatforms) = preSolution
		Ad-Hoc|Any CPU = Ad-Hoc|Any CPU
		Ad-Hoc|ARM = Ad-Hoc|ARM
		Ad-Hoc|iPhone = Ad-Hoc|iPhone
		Ad-Hoc|iPhoneSimulator = Ad-Hoc|iPhoneSimulator
		Ad-Hoc|x64 = Ad-Hoc|x64
		Ad-Hoc|x86 = Ad-Hoc|x86
		AppStore|Any CPU = AppStore|Any CPU
		AppStore|ARM = AppStore|ARM
		AppStore|iPhone = AppStore|iPhone
		AppStore|iPhoneSimulator = AppStore|iPhoneSimulator
		AppStore|x64 = AppStore|x64
		AppStore|x86 = AppStore|x86
		Debug|Any CPU = Debug|Any CPU
		Debug|ARM = Debug|ARM
		Debug|iPhone = Debug|iPhone
		Debug|iPhoneSimulator = Debug|iPhoneSimulator
		Debug|x64 = Debug|x64
		Debug|x86 = Debug|x86
		Release|Any CPU = Release|Any CPU
		Release|ARM = Release|ARM
		Release|iPhone = Release|iPhone
		Release|iPhoneSimulator = Release|iPhoneSimulator
		Release|x64 = Release|x64
		Release|x86 = Release|x86
	EndGlobalSection
	GlobalSection(ProjectConfigurationPlatforms) = postSolution
		{C12D0C5C-C8E7-413A-B60F-5314D25382CB}.Ad-Hoc|Any CPU.ActiveCfg = Release|Any CPU
		{C12D0C5C-C8E7-413A-B60F-5314D25382CB}.Ad-Hoc|Any CPU.Build.0 = Release|Any CPU
		{C12D0C5C-C8E7-413A-B60F-5314D25382CB}.Ad-Hoc|ARM.ActiveCfg = Release|Any CPU
		{C12D0C5C-C8E7-413A-B60F-5314D25382CB}.Ad-Hoc|ARM.Build.0 = Release|Any CPU
		{C12D0C5C-C8E7-413A-B60F-5314D25382CB}.Ad-Hoc|iPhone.ActiveCfg = Release|Any CPU
		{C12D0C5C-C8E7-413A-B60F-5314D25382CB}.Ad-Hoc|iPhone.Build.0 = Release|Any CPU
		{C12D0C5C-C8E7-413A-B60F-5314D25382CB}.Ad-Hoc|iPhoneSimulator.ActiveCfg = Release|Any CPU
		{C12D0C5C-C8E7-413A-B60F-5314D25382CB}.Ad-Hoc|iPhoneSimulator.Build.0 = Release|Any CPU
		{C12D0C5C-C8E7-413A-B60F-5314D25382CB}.Ad-Hoc|x64.ActiveCfg = Release|Any CPU
		{C12D0C5C-C8E7-413A-B60F-5314D25382CB}.Ad-Hoc|x64.Build.0 = Release|Any CPU
		{C12D0C5C-C8E7-413A-B60F-5314D25382CB}.Ad-Hoc|x86.ActiveCfg = Release|Any CPU
		{C12D0C5C-C8E7-413A-B60F-5314D25382CB}.Ad-Hoc|x86.Build.0 = Release|Any CPU
		{C12D0C5C-C8E7-413A-B60F-5314D25382CB}.AppStore|Any CPU.ActiveCfg = Release|Any CPU
		{C12D0C5C-C8E7-413A-B60F-5314D25382CB}.AppStore|Any CPU.Build.0 = Release|Any CPU
		{C12D0C5C-C8E7-413A-B60F-5314D25382CB}.AppStore|ARM.ActiveCfg = Release|Any CPU
		{C12D0C5C-C8E7-413A-B60F-5314D25382CB}.AppStore|ARM.Build.0 = Release|Any CPU
		{C12D0C5C-C8E7-413A-B60F-5314D25382CB}.AppStore|iPhone.ActiveCfg = Release|Any CPU
		{C12D0C5C-C8E7-413A-B60F-5314D25382CB}.AppStore|iPhone.Build.0 = Release|Any CPU
		{C12D0C5C-C8E7-413A-B60F-5314D25382CB}.AppStore|iPhoneSimulator.ActiveCfg = Release|Any CPU
		{C12D0C5C-C8E7-413A-B60F-5314D25382CB}.AppStore|iPhoneSimulator.Build.0 = Release|Any CPU
		{C12D0C5C-C8E7-413A-B60F-5314D25382CB}.AppStore|x64.ActiveCfg = Release|Any CPU
		{C12D0C5C-C8E7-413A-B60F-5314D25382CB}.AppStore|x64.Build.0 = Release|Any CPU
		{C12D0C5C-C8E7-413A-B60F-5314D25382CB}.AppStore|x86.ActiveCfg = Release|Any CPU
		{C12D0C5C-C8E7-413A-B60F-5314D25382CB}.AppStore|x86.Build.0 = Release|Any CPU
		{C12D0C5C-C8E7-413A-B60F-5314D25382CB}.Debug|Any CPU.ActiveCfg = Debug|Any CPU
		{C12D0C5C-C8E7-413A-B60F-5314D25382CB}.Debug|Any CPU.Build.0 = Debug|Any CPU
		{C12D0C5C-C8E7-413A-B60F-5314D25382CB}.Debug|ARM.ActiveCfg = Debug|Any CPU
		{C12D0C5C-C8E7-413A-B60F-5314D25382CB}.Debug|ARM.Build.0 = Debug|Any CPU
		{C12D0C5C-C8E7-413A-B60F-5314D25382CB}.Debug|iPhone.ActiveCfg = Debug|Any CPU
		{C12D0C5C-C8E7-413A-B60F-5314D25382CB}.Debug|iPhone.Build.0 = Debug|Any CPU
		{C12D0C5C-C8E7-413A-B60F-5314D25382CB}.Debug|iPhoneSimulator.ActiveCfg = Debug|Any CPU
		{C12D0C5C-C8E7-413A-B60F-5314D25382CB}.Debug|iPhoneSimulator.Build.0 = Debug|Any CPU
		{C12D0C5C-C8E7-413A-B60F-5314D25382CB}.Debug|x64.ActiveCfg = Debug|Any CPU
		{C12D0C5C-C8E7-413A-B60F-5314D25382CB}.Debug|x64.Build.0 = Debug|Any CPU
		{C12D0C5C-C8E7-413A-B60F-5314D25382CB}.Debug|x86.ActiveCfg = Debug|Any CPU
		{C12D0C5C-C8E7-413A-B60F-5314D25382CB}.Debug|x86.Build.0 = Debug|Any CPU
		{C12D0C5C-C8E7-413A-B60F-5314D25382CB}.Release|Any CPU.ActiveCfg = Release|Any CPU
		{C12D0C5C-C8E7-413A-B60F-5314D25382CB}.Release|Any CPU.Build.0 = Release|Any CPU
		{C12D0C5C-C8E7-413A-B60F-5314D25382CB}.Release|ARM.ActiveCfg = Release|Any CPU
		{C12D0C5C-C8E7-413A-B60F-5314D25382CB}.Release|ARM.Build.0 = Release|Any CPU
		{C12D0C5C-C8E7-413A-B60F-5314D25382CB}.Release|iPhone.ActiveCfg = Release|Any CPU
		{C12D0C5C-C8E7-413A-B60F-5314D25382CB}.Release|iPhone.Build.0 = Release|Any CPU
		{C12D0C5C-C8E7-413A-B60F-5314D25382CB}.Release|iPhoneSimulator.ActiveCfg = Release|Any CPU
		{C12D0C5C-C8E7-413A-B60F-5314D25382CB}.Release|iPhoneSimulator.Build.0 = Release|Any CPU
		{C12D0C5C-C8E7-413A-B60F-5314D25382CB}.Release|x64.ActiveCfg = Release|Any CPU
		{C12D0C5C-C8E7-413A-B60F-5314D25382CB}.Release|x64.Build.0 = Release|Any CPU
		{C12D0C5C-C8E7-413A-B60F-5314D25382CB}.Release|x86.ActiveCfg = Release|Any CPU
		{C12D0C5C-C8E7-413A-B60F-5314D25382CB}.Release|x86.Build.0 = Release|Any CPU
		{8761C5B5-A2B2-40CE-918B-356852F1986E}.Ad-Hoc|Any CPU.ActiveCfg = Release|Any CPU
		{8761C5B5-A2B2-40CE-918B-356852F1986E}.Ad-Hoc|Any CPU.Build.0 = Release|Any CPU
		{8761C5B5-A2B2-40CE-918B-356852F1986E}.Ad-Hoc|Any CPU.Deploy.0 = Release|Any CPU
		{8761C5B5-A2B2-40CE-918B-356852F1986E}.Ad-Hoc|ARM.ActiveCfg = Release|Any CPU
		{8761C5B5-A2B2-40CE-918B-356852F1986E}.Ad-Hoc|ARM.Build.0 = Release|Any CPU
		{8761C5B5-A2B2-40CE-918B-356852F1986E}.Ad-Hoc|ARM.Deploy.0 = Release|Any CPU
		{8761C5B5-A2B2-40CE-918B-356852F1986E}.Ad-Hoc|iPhone.ActiveCfg = Release|Any CPU
		{8761C5B5-A2B2-40CE-918B-356852F1986E}.Ad-Hoc|iPhone.Build.0 = Release|Any CPU
		{8761C5B5-A2B2-40CE-918B-356852F1986E}.Ad-Hoc|iPhone.Deploy.0 = Release|Any CPU
		{8761C5B5-A2B2-40CE-918B-356852F1986E}.Ad-Hoc|iPhoneSimulator.ActiveCfg = Release|Any CPU
		{8761C5B5-A2B2-40CE-918B-356852F1986E}.Ad-Hoc|iPhoneSimulator.Build.0 = Release|Any CPU
		{8761C5B5-A2B2-40CE-918B-356852F1986E}.Ad-Hoc|iPhoneSimulator.Deploy.0 = Release|Any CPU
		{8761C5B5-A2B2-40CE-918B-356852F1986E}.Ad-Hoc|x64.ActiveCfg = Release|Any CPU
		{8761C5B5-A2B2-40CE-918B-356852F1986E}.Ad-Hoc|x64.Build.0 = Release|Any CPU
		{8761C5B5-A2B2-40CE-918B-356852F1986E}.Ad-Hoc|x64.Deploy.0 = Release|Any CPU
		{8761C5B5-A2B2-40CE-918B-356852F1986E}.Ad-Hoc|x86.ActiveCfg = Release|Any CPU
		{8761C5B5-A2B2-40CE-918B-356852F1986E}.Ad-Hoc|x86.Build.0 = Release|Any CPU
		{8761C5B5-A2B2-40CE-918B-356852F1986E}.Ad-Hoc|x86.Deploy.0 = Release|Any CPU
		{8761C5B5-A2B2-40CE-918B-356852F1986E}.AppStore|Any CPU.ActiveCfg = Release|Any CPU
		{8761C5B5-A2B2-40CE-918B-356852F1986E}.AppStore|Any CPU.Build.0 = Release|Any CPU
		{8761C5B5-A2B2-40CE-918B-356852F1986E}.AppStore|Any CPU.Deploy.0 = Release|Any CPU
		{8761C5B5-A2B2-40CE-918B-356852F1986E}.AppStore|ARM.ActiveCfg = Release|Any CPU
		{8761C5B5-A2B2-40CE-918B-356852F1986E}.AppStore|ARM.Build.0 = Release|Any CPU
		{8761C5B5-A2B2-40CE-918B-356852F1986E}.AppStore|ARM.Deploy.0 = Release|Any CPU
		{8761C5B5-A2B2-40CE-918B-356852F1986E}.AppStore|iPhone.ActiveCfg = Release|Any CPU
		{8761C5B5-A2B2-40CE-918B-356852F1986E}.AppStore|iPhone.Build.0 = Release|Any CPU
		{8761C5B5-A2B2-40CE-918B-356852F1986E}.AppStore|iPhone.Deploy.0 = Release|Any CPU
		{8761C5B5-A2B2-40CE-918B-356852F1986E}.AppStore|iPhoneSimulator.ActiveCfg = Release|Any CPU
		{8761C5B5-A2B2-40CE-918B-356852F1986E}.AppStore|iPhoneSimulator.Build.0 = Release|Any CPU
		{8761C5B5-A2B2-40CE-918B-356852F1986E}.AppStore|iPhoneSimulator.Deploy.0 = Release|Any CPU
		{8761C5B5-A2B2-40CE-918B-356852F1986E}.AppStore|x64.ActiveCfg = Release|Any CPU
		{8761C5B5-A2B2-40CE-918B-356852F1986E}.AppStore|x64.Build.0 = Release|Any CPU
		{8761C5B5-A2B2-40CE-918B-356852F1986E}.AppStore|x64.Deploy.0 = Release|Any CPU
		{8761C5B5-A2B2-40CE-918B-356852F1986E}.AppStore|x86.ActiveCfg = Release|Any CPU
		{8761C5B5-A2B2-40CE-918B-356852F1986E}.AppStore|x86.Build.0 = Release|Any CPU
		{8761C5B5-A2B2-40CE-918B-356852F1986E}.AppStore|x86.Deploy.0 = Release|Any CPU
		{8761C5B5-A2B2-40CE-918B-356852F1986E}.Debug|Any CPU.ActiveCfg = Debug|Any CPU
		{8761C5B5-A2B2-40CE-918B-356852F1986E}.Debug|Any CPU.Build.0 = Debug|Any CPU
		{8761C5B5-A2B2-40CE-918B-356852F1986E}.Debug|Any CPU.Deploy.0 = Debug|Any CPU
		{8761C5B5-A2B2-40CE-918B-356852F1986E}.Debug|ARM.ActiveCfg = Debug|Any CPU
		{8761C5B5-A2B2-40CE-918B-356852F1986E}.Debug|ARM.Build.0 = Debug|Any CPU
		{8761C5B5-A2B2-40CE-918B-356852F1986E}.Debug|ARM.Deploy.0 = Debug|Any CPU
		{8761C5B5-A2B2-40CE-918B-356852F1986E}.Debug|iPhone.ActiveCfg = Debug|Any CPU
		{8761C5B5-A2B2-40CE-918B-356852F1986E}.Debug|iPhone.Build.0 = Debug|Any CPU
		{8761C5B5-A2B2-40CE-918B-356852F1986E}.Debug|iPhone.Deploy.0 = Debug|Any CPU
		{8761C5B5-A2B2-40CE-918B-356852F1986E}.Debug|iPhoneSimulator.ActiveCfg = Debug|Any CPU
		{8761C5B5-A2B2-40CE-918B-356852F1986E}.Debug|iPhoneSimulator.Build.0 = Debug|Any CPU
		{8761C5B5-A2B2-40CE-918B-356852F1986E}.Debug|iPhoneSimulator.Deploy.0 = Debug|Any CPU
		{8761C5B5-A2B2-40CE-918B-356852F1986E}.Debug|x64.ActiveCfg = Debug|Any CPU
		{8761C5B5-A2B2-40CE-918B-356852F1986E}.Debug|x64.Build.0 = Debug|Any CPU
		{8761C5B5-A2B2-40CE-918B-356852F1986E}.Debug|x64.Deploy.0 = Debug|Any CPU
		{8761C5B5-A2B2-40CE-918B-356852F1986E}.Debug|x86.ActiveCfg = Debug|Any CPU
		{8761C5B5-A2B2-40CE-918B-356852F1986E}.Debug|x86.Build.0 = Debug|Any CPU
		{8761C5B5-A2B2-40CE-918B-356852F1986E}.Debug|x86.Deploy.0 = Debug|Any CPU
		{8761C5B5-A2B2-40CE-918B-356852F1986E}.Release|Any CPU.ActiveCfg = Release|Any CPU
		{8761C5B5-A2B2-40CE-918B-356852F1986E}.Release|Any CPU.Build.0 = Release|Any CPU
		{8761C5B5-A2B2-40CE-918B-356852F1986E}.Release|Any CPU.Deploy.0 = Release|Any CPU
		{8761C5B5-A2B2-40CE-918B-356852F1986E}.Release|ARM.ActiveCfg = Release|Any CPU
		{8761C5B5-A2B2-40CE-918B-356852F1986E}.Release|ARM.Build.0 = Release|Any CPU
		{8761C5B5-A2B2-40CE-918B-356852F1986E}.Release|ARM.Deploy.0 = Release|Any CPU
		{8761C5B5-A2B2-40CE-918B-356852F1986E}.Release|iPhone.ActiveCfg = Release|Any CPU
		{8761C5B5-A2B2-40CE-918B-356852F1986E}.Release|iPhone.Build.0 = Release|Any CPU
		{8761C5B5-A2B2-40CE-918B-356852F1986E}.Release|iPhone.Deploy.0 = Release|Any CPU
		{8761C5B5-A2B2-40CE-918B-356852F1986E}.Release|iPhoneSimulator.ActiveCfg = Release|Any CPU
		{8761C5B5-A2B2-40CE-918B-356852F1986E}.Release|iPhoneSimulator.Build.0 = Release|Any CPU
		{8761C5B5-A2B2-40CE-918B-356852F1986E}.Release|iPhoneSimulator.Deploy.0 = Release|Any CPU
		{8761C5B5-A2B2-40CE-918B-356852F1986E}.Release|x64.ActiveCfg = Release|Any CPU
		{8761C5B5-A2B2-40CE-918B-356852F1986E}.Release|x64.Build.0 = Release|Any CPU
		{8761C5B5-A2B2-40CE-918B-356852F1986E}.Release|x64.Deploy.0 = Release|Any CPU
		{8761C5B5-A2B2-40CE-918B-356852F1986E}.Release|x86.ActiveCfg = Release|Any CPU
		{8761C5B5-A2B2-40CE-918B-356852F1986E}.Release|x86.Build.0 = Release|Any CPU
		{8761C5B5-A2B2-40CE-918B-356852F1986E}.Release|x86.Deploy.0 = Release|Any CPU
		{7C8144C2-9FA2-4A15-A4CD-F99E42B4535D}.Ad-Hoc|Any CPU.ActiveCfg = Ad-Hoc|iPhone
		{7C8144C2-9FA2-4A15-A4CD-F99E42B4535D}.Ad-Hoc|ARM.ActiveCfg = Ad-Hoc|iPhone
		{7C8144C2-9FA2-4A15-A4CD-F99E42B4535D}.Ad-Hoc|iPhone.ActiveCfg = Ad-Hoc|iPhone
		{7C8144C2-9FA2-4A15-A4CD-F99E42B4535D}.Ad-Hoc|iPhone.Build.0 = Ad-Hoc|iPhone
		{7C8144C2-9FA2-4A15-A4CD-F99E42B4535D}.Ad-Hoc|iPhoneSimulator.ActiveCfg = Ad-Hoc|iPhoneSimulator
		{7C8144C2-9FA2-4A15-A4CD-F99E42B4535D}.Ad-Hoc|iPhoneSimulator.Build.0 = Ad-Hoc|iPhoneSimulator
		{7C8144C2-9FA2-4A15-A4CD-F99E42B4535D}.Ad-Hoc|x64.ActiveCfg = Ad-Hoc|iPhone
		{7C8144C2-9FA2-4A15-A4CD-F99E42B4535D}.Ad-Hoc|x86.ActiveCfg = Ad-Hoc|iPhone
		{7C8144C2-9FA2-4A15-A4CD-F99E42B4535D}.AppStore|Any CPU.ActiveCfg = AppStore|iPhone
		{7C8144C2-9FA2-4A15-A4CD-F99E42B4535D}.AppStore|ARM.ActiveCfg = AppStore|iPhone
		{7C8144C2-9FA2-4A15-A4CD-F99E42B4535D}.AppStore|iPhone.ActiveCfg = AppStore|iPhone
		{7C8144C2-9FA2-4A15-A4CD-F99E42B4535D}.AppStore|iPhone.Build.0 = AppStore|iPhone
		{7C8144C2-9FA2-4A15-A4CD-F99E42B4535D}.AppStore|iPhoneSimulator.ActiveCfg = AppStore|iPhoneSimulator
		{7C8144C2-9FA2-4A15-A4CD-F99E42B4535D}.AppStore|iPhoneSimulator.Build.0 = AppStore|iPhoneSimulator
		{7C8144C2-9FA2-4A15-A4CD-F99E42B4535D}.AppStore|x64.ActiveCfg = AppStore|iPhone
		{7C8144C2-9FA2-4A15-A4CD-F99E42B4535D}.AppStore|x86.ActiveCfg = AppStore|iPhone
		{7C8144C2-9FA2-4A15-A4CD-F99E42B4535D}.Debug|Any CPU.ActiveCfg = Debug|iPhone
		{7C8144C2-9FA2-4A15-A4CD-F99E42B4535D}.Debug|ARM.ActiveCfg = Debug|iPhone
		{7C8144C2-9FA2-4A15-A4CD-F99E42B4535D}.Debug|iPhone.ActiveCfg = Debug|iPhone
		{7C8144C2-9FA2-4A15-A4CD-F99E42B4535D}.Debug|iPhone.Build.0 = Debug|iPhone
		{7C8144C2-9FA2-4A15-A4CD-F99E42B4535D}.Debug|iPhoneSimulator.ActiveCfg = Debug|iPhoneSimulator
		{7C8144C2-9FA2-4A15-A4CD-F99E42B4535D}.Debug|iPhoneSimulator.Build.0 = Debug|iPhoneSimulator
		{7C8144C2-9FA2-4A15-A4CD-F99E42B4535D}.Debug|x64.ActiveCfg = Debug|iPhone
		{7C8144C2-9FA2-4A15-A4CD-F99E42B4535D}.Debug|x86.ActiveCfg = Debug|iPhone
		{7C8144C2-9FA2-4A15-A4CD-F99E42B4535D}.Release|Any CPU.ActiveCfg = Release|iPhone
		{7C8144C2-9FA2-4A15-A4CD-F99E42B4535D}.Release|ARM.ActiveCfg = Release|iPhone
		{7C8144C2-9FA2-4A15-A4CD-F99E42B4535D}.Release|iPhone.ActiveCfg = Release|iPhone
		{7C8144C2-9FA2-4A15-A4CD-F99E42B4535D}.Release|iPhone.Build.0 = Release|iPhone
		{7C8144C2-9FA2-4A15-A4CD-F99E42B4535D}.Release|iPhoneSimulator.ActiveCfg = Release|iPhoneSimulator
		{7C8144C2-9FA2-4A15-A4CD-F99E42B4535D}.Release|iPhoneSimulator.Build.0 = Release|iPhoneSimulator
		{7C8144C2-9FA2-4A15-A4CD-F99E42B4535D}.Release|x64.ActiveCfg = Release|iPhone
		{7C8144C2-9FA2-4A15-A4CD-F99E42B4535D}.Release|x86.ActiveCfg = Release|iPhone
		{563B4083-B1A9-450A-A7E9-D29E0245430F}.Ad-Hoc|Any CPU.ActiveCfg = Release|Any CPU
		{563B4083-B1A9-450A-A7E9-D29E0245430F}.Ad-Hoc|Any CPU.Build.0 = Release|Any CPU
		{563B4083-B1A9-450A-A7E9-D29E0245430F}.Ad-Hoc|ARM.ActiveCfg = Release|Any CPU
		{563B4083-B1A9-450A-A7E9-D29E0245430F}.Ad-Hoc|ARM.Build.0 = Release|Any CPU
		{563B4083-B1A9-450A-A7E9-D29E0245430F}.Ad-Hoc|iPhone.ActiveCfg = Release|Any CPU
		{563B4083-B1A9-450A-A7E9-D29E0245430F}.Ad-Hoc|iPhone.Build.0 = Release|Any CPU
		{563B4083-B1A9-450A-A7E9-D29E0245430F}.Ad-Hoc|iPhoneSimulator.ActiveCfg = Release|Any CPU
		{563B4083-B1A9-450A-A7E9-D29E0245430F}.Ad-Hoc|iPhoneSimulator.Build.0 = Release|Any CPU
		{563B4083-B1A9-450A-A7E9-D29E0245430F}.Ad-Hoc|x64.ActiveCfg = Release|Any CPU
		{563B4083-B1A9-450A-A7E9-D29E0245430F}.Ad-Hoc|x64.Build.0 = Release|Any CPU
		{563B4083-B1A9-450A-A7E9-D29E0245430F}.Ad-Hoc|x86.ActiveCfg = Release|Any CPU
		{563B4083-B1A9-450A-A7E9-D29E0245430F}.Ad-Hoc|x86.Build.0 = Release|Any CPU
		{563B4083-B1A9-450A-A7E9-D29E0245430F}.AppStore|Any CPU.ActiveCfg = Release|Any CPU
		{563B4083-B1A9-450A-A7E9-D29E0245430F}.AppStore|Any CPU.Build.0 = Release|Any CPU
		{563B4083-B1A9-450A-A7E9-D29E0245430F}.AppStore|ARM.ActiveCfg = Release|Any CPU
		{563B4083-B1A9-450A-A7E9-D29E0245430F}.AppStore|ARM.Build.0 = Release|Any CPU
		{563B4083-B1A9-450A-A7E9-D29E0245430F}.AppStore|iPhone.ActiveCfg = Release|Any CPU
		{563B4083-B1A9-450A-A7E9-D29E0245430F}.AppStore|iPhone.Build.0 = Release|Any CPU
		{563B4083-B1A9-450A-A7E9-D29E0245430F}.AppStore|iPhoneSimulator.ActiveCfg = Release|Any CPU
		{563B4083-B1A9-450A-A7E9-D29E0245430F}.AppStore|iPhoneSimulator.Build.0 = Release|Any CPU
		{563B4083-B1A9-450A-A7E9-D29E0245430F}.AppStore|x64.ActiveCfg = Release|Any CPU
		{563B4083-B1A9-450A-A7E9-D29E0245430F}.AppStore|x64.Build.0 = Release|Any CPU
		{563B4083-B1A9-450A-A7E9-D29E0245430F}.AppStore|x86.ActiveCfg = Release|Any CPU
		{563B4083-B1A9-450A-A7E9-D29E0245430F}.AppStore|x86.Build.0 = Release|Any CPU
		{563B4083-B1A9-450A-A7E9-D29E0245430F}.Debug|Any CPU.ActiveCfg = Debug|Any CPU
		{563B4083-B1A9-450A-A7E9-D29E0245430F}.Debug|Any CPU.Build.0 = Debug|Any CPU
		{563B4083-B1A9-450A-A7E9-D29E0245430F}.Debug|ARM.ActiveCfg = Debug|Any CPU
		{563B4083-B1A9-450A-A7E9-D29E0245430F}.Debug|ARM.Build.0 = Debug|Any CPU
		{563B4083-B1A9-450A-A7E9-D29E0245430F}.Debug|iPhone.ActiveCfg = Debug|Any CPU
		{563B4083-B1A9-450A-A7E9-D29E0245430F}.Debug|iPhone.Build.0 = Debug|Any CPU
		{563B4083-B1A9-450A-A7E9-D29E0245430F}.Debug|iPhoneSimulator.ActiveCfg = Debug|Any CPU
		{563B4083-B1A9-450A-A7E9-D29E0245430F}.Debug|iPhoneSimulator.Build.0 = Debug|Any CPU
		{563B4083-B1A9-450A-A7E9-D29E0245430F}.Debug|x64.ActiveCfg = Debug|Any CPU
		{563B4083-B1A9-450A-A7E9-D29E0245430F}.Debug|x64.Build.0 = Debug|Any CPU
		{563B4083-B1A9-450A-A7E9-D29E0245430F}.Debug|x86.ActiveCfg = Debug|Any CPU
		{563B4083-B1A9-450A-A7E9-D29E0245430F}.Debug|x86.Build.0 = Debug|Any CPU
		{563B4083-B1A9-450A-A7E9-D29E0245430F}.Release|Any CPU.ActiveCfg = Release|Any CPU
		{563B4083-B1A9-450A-A7E9-D29E0245430F}.Release|Any CPU.Build.0 = Release|Any CPU
		{563B4083-B1A9-450A-A7E9-D29E0245430F}.Release|ARM.ActiveCfg = Release|Any CPU
		{563B4083-B1A9-450A-A7E9-D29E0245430F}.Release|ARM.Build.0 = Release|Any CPU
		{563B4083-B1A9-450A-A7E9-D29E0245430F}.Release|iPhone.ActiveCfg = Release|Any CPU
		{563B4083-B1A9-450A-A7E9-D29E0245430F}.Release|iPhone.Build.0 = Release|Any CPU
		{563B4083-B1A9-450A-A7E9-D29E0245430F}.Release|iPhoneSimulator.ActiveCfg = Release|Any CPU
		{563B4083-B1A9-450A-A7E9-D29E0245430F}.Release|iPhoneSimulator.Build.0 = Release|Any CPU
		{563B4083-B1A9-450A-A7E9-D29E0245430F}.Release|x64.ActiveCfg = Release|Any CPU
		{563B4083-B1A9-450A-A7E9-D29E0245430F}.Release|x64.Build.0 = Release|Any CPU
		{563B4083-B1A9-450A-A7E9-D29E0245430F}.Release|x86.ActiveCfg = Release|Any CPU
		{563B4083-B1A9-450A-A7E9-D29E0245430F}.Release|x86.Build.0 = Release|Any CPU
		{51E9806E-6E59-4BBE-AD3E-F0D7E650242E}.Ad-Hoc|Any CPU.ActiveCfg = Release|Any CPU
		{51E9806E-6E59-4BBE-AD3E-F0D7E650242E}.Ad-Hoc|Any CPU.Build.0 = Release|Any CPU
		{51E9806E-6E59-4BBE-AD3E-F0D7E650242E}.Ad-Hoc|ARM.ActiveCfg = Release|Any CPU
		{51E9806E-6E59-4BBE-AD3E-F0D7E650242E}.Ad-Hoc|ARM.Build.0 = Release|Any CPU
		{51E9806E-6E59-4BBE-AD3E-F0D7E650242E}.Ad-Hoc|iPhone.ActiveCfg = Release|Any CPU
		{51E9806E-6E59-4BBE-AD3E-F0D7E650242E}.Ad-Hoc|iPhone.Build.0 = Release|Any CPU
		{51E9806E-6E59-4BBE-AD3E-F0D7E650242E}.Ad-Hoc|iPhoneSimulator.ActiveCfg = Release|Any CPU
		{51E9806E-6E59-4BBE-AD3E-F0D7E650242E}.Ad-Hoc|iPhoneSimulator.Build.0 = Release|Any CPU
		{51E9806E-6E59-4BBE-AD3E-F0D7E650242E}.Ad-Hoc|x64.ActiveCfg = Release|Any CPU
		{51E9806E-6E59-4BBE-AD3E-F0D7E650242E}.Ad-Hoc|x64.Build.0 = Release|Any CPU
		{51E9806E-6E59-4BBE-AD3E-F0D7E650242E}.Ad-Hoc|x86.ActiveCfg = Release|Any CPU
		{51E9806E-6E59-4BBE-AD3E-F0D7E650242E}.Ad-Hoc|x86.Build.0 = Release|Any CPU
		{51E9806E-6E59-4BBE-AD3E-F0D7E650242E}.AppStore|Any CPU.ActiveCfg = Release|Any CPU
		{51E9806E-6E59-4BBE-AD3E-F0D7E650242E}.AppStore|Any CPU.Build.0 = Release|Any CPU
		{51E9806E-6E59-4BBE-AD3E-F0D7E650242E}.AppStore|ARM.ActiveCfg = Release|Any CPU
		{51E9806E-6E59-4BBE-AD3E-F0D7E650242E}.AppStore|ARM.Build.0 = Release|Any CPU
		{51E9806E-6E59-4BBE-AD3E-F0D7E650242E}.AppStore|iPhone.ActiveCfg = Release|Any CPU
		{51E9806E-6E59-4BBE-AD3E-F0D7E650242E}.AppStore|iPhone.Build.0 = Release|Any CPU
		{51E9806E-6E59-4BBE-AD3E-F0D7E650242E}.AppStore|iPhoneSimulator.ActiveCfg = Release|Any CPU
		{51E9806E-6E59-4BBE-AD3E-F0D7E650242E}.AppStore|iPhoneSimulator.Build.0 = Release|Any CPU
		{51E9806E-6E59-4BBE-AD3E-F0D7E650242E}.AppStore|x64.ActiveCfg = Release|Any CPU
		{51E9806E-6E59-4BBE-AD3E-F0D7E650242E}.AppStore|x64.Build.0 = Release|Any CPU
		{51E9806E-6E59-4BBE-AD3E-F0D7E650242E}.AppStore|x86.ActiveCfg = Release|Any CPU
		{51E9806E-6E59-4BBE-AD3E-F0D7E650242E}.AppStore|x86.Build.0 = Release|Any CPU
		{51E9806E-6E59-4BBE-AD3E-F0D7E650242E}.Debug|Any CPU.ActiveCfg = Debug|Any CPU
		{51E9806E-6E59-4BBE-AD3E-F0D7E650242E}.Debug|Any CPU.Build.0 = Debug|Any CPU
		{51E9806E-6E59-4BBE-AD3E-F0D7E650242E}.Debug|ARM.ActiveCfg = Debug|Any CPU
		{51E9806E-6E59-4BBE-AD3E-F0D7E650242E}.Debug|ARM.Build.0 = Debug|Any CPU
		{51E9806E-6E59-4BBE-AD3E-F0D7E650242E}.Debug|iPhone.ActiveCfg = Debug|Any CPU
		{51E9806E-6E59-4BBE-AD3E-F0D7E650242E}.Debug|iPhone.Build.0 = Debug|Any CPU
		{51E9806E-6E59-4BBE-AD3E-F0D7E650242E}.Debug|iPhoneSimulator.ActiveCfg = Debug|Any CPU
		{51E9806E-6E59-4BBE-AD3E-F0D7E650242E}.Debug|iPhoneSimulator.Build.0 = Debug|Any CPU
		{51E9806E-6E59-4BBE-AD3E-F0D7E650242E}.Debug|x64.ActiveCfg = Debug|Any CPU
		{51E9806E-6E59-4BBE-AD3E-F0D7E650242E}.Debug|x64.Build.0 = Debug|Any CPU
		{51E9806E-6E59-4BBE-AD3E-F0D7E650242E}.Debug|x86.ActiveCfg = Debug|Any CPU
		{51E9806E-6E59-4BBE-AD3E-F0D7E650242E}.Debug|x86.Build.0 = Debug|Any CPU
		{51E9806E-6E59-4BBE-AD3E-F0D7E650242E}.Release|Any CPU.ActiveCfg = Release|Any CPU
		{51E9806E-6E59-4BBE-AD3E-F0D7E650242E}.Release|Any CPU.Build.0 = Release|Any CPU
		{51E9806E-6E59-4BBE-AD3E-F0D7E650242E}.Release|ARM.ActiveCfg = Release|Any CPU
		{51E9806E-6E59-4BBE-AD3E-F0D7E650242E}.Release|ARM.Build.0 = Release|Any CPU
		{51E9806E-6E59-4BBE-AD3E-F0D7E650242E}.Release|iPhone.ActiveCfg = Release|Any CPU
		{51E9806E-6E59-4BBE-AD3E-F0D7E650242E}.Release|iPhone.Build.0 = Release|Any CPU
		{51E9806E-6E59-4BBE-AD3E-F0D7E650242E}.Release|iPhoneSimulator.ActiveCfg = Release|Any CPU
		{51E9806E-6E59-4BBE-AD3E-F0D7E650242E}.Release|iPhoneSimulator.Build.0 = Release|Any CPU
		{51E9806E-6E59-4BBE-AD3E-F0D7E650242E}.Release|x64.ActiveCfg = Release|Any CPU
		{51E9806E-6E59-4BBE-AD3E-F0D7E650242E}.Release|x64.Build.0 = Release|Any CPU
		{51E9806E-6E59-4BBE-AD3E-F0D7E650242E}.Release|x86.ActiveCfg = Release|Any CPU
		{51E9806E-6E59-4BBE-AD3E-F0D7E650242E}.Release|x86.Build.0 = Release|Any CPU
		{565CA967-F774-4F4E-BAEA-001F123D3FBA}.Ad-Hoc|Any CPU.ActiveCfg = Release|Any CPU
		{565CA967-F774-4F4E-BAEA-001F123D3FBA}.Ad-Hoc|Any CPU.Build.0 = Release|Any CPU
		{565CA967-F774-4F4E-BAEA-001F123D3FBA}.Ad-Hoc|ARM.ActiveCfg = Release|Any CPU
		{565CA967-F774-4F4E-BAEA-001F123D3FBA}.Ad-Hoc|ARM.Build.0 = Release|Any CPU
		{565CA967-F774-4F4E-BAEA-001F123D3FBA}.Ad-Hoc|iPhone.ActiveCfg = Release|Any CPU
		{565CA967-F774-4F4E-BAEA-001F123D3FBA}.Ad-Hoc|iPhone.Build.0 = Release|Any CPU
		{565CA967-F774-4F4E-BAEA-001F123D3FBA}.Ad-Hoc|iPhoneSimulator.ActiveCfg = Release|Any CPU
		{565CA967-F774-4F4E-BAEA-001F123D3FBA}.Ad-Hoc|iPhoneSimulator.Build.0 = Release|Any CPU
		{565CA967-F774-4F4E-BAEA-001F123D3FBA}.Ad-Hoc|x64.ActiveCfg = Release|Any CPU
		{565CA967-F774-4F4E-BAEA-001F123D3FBA}.Ad-Hoc|x64.Build.0 = Release|Any CPU
		{565CA967-F774-4F4E-BAEA-001F123D3FBA}.Ad-Hoc|x86.ActiveCfg = Release|Any CPU
		{565CA967-F774-4F4E-BAEA-001F123D3FBA}.Ad-Hoc|x86.Build.0 = Release|Any CPU
		{565CA967-F774-4F4E-BAEA-001F123D3FBA}.AppStore|Any CPU.ActiveCfg = Release|Any CPU
		{565CA967-F774-4F4E-BAEA-001F123D3FBA}.AppStore|Any CPU.Build.0 = Release|Any CPU
		{565CA967-F774-4F4E-BAEA-001F123D3FBA}.AppStore|ARM.ActiveCfg = Release|Any CPU
		{565CA967-F774-4F4E-BAEA-001F123D3FBA}.AppStore|ARM.Build.0 = Release|Any CPU
		{565CA967-F774-4F4E-BAEA-001F123D3FBA}.AppStore|iPhone.ActiveCfg = Release|Any CPU
		{565CA967-F774-4F4E-BAEA-001F123D3FBA}.AppStore|iPhone.Build.0 = Release|Any CPU
		{565CA967-F774-4F4E-BAEA-001F123D3FBA}.AppStore|iPhoneSimulator.ActiveCfg = Release|Any CPU
		{565CA967-F774-4F4E-BAEA-001F123D3FBA}.AppStore|iPhoneSimulator.Build.0 = Release|Any CPU
		{565CA967-F774-4F4E-BAEA-001F123D3FBA}.AppStore|x64.ActiveCfg = Release|Any CPU
		{565CA967-F774-4F4E-BAEA-001F123D3FBA}.AppStore|x64.Build.0 = Release|Any CPU
		{565CA967-F774-4F4E-BAEA-001F123D3FBA}.AppStore|x86.ActiveCfg = Release|Any CPU
		{565CA967-F774-4F4E-BAEA-001F123D3FBA}.AppStore|x86.Build.0 = Release|Any CPU
		{565CA967-F774-4F4E-BAEA-001F123D3FBA}.Debug|Any CPU.ActiveCfg = Debug|Any CPU
		{565CA967-F774-4F4E-BAEA-001F123D3FBA}.Debug|Any CPU.Build.0 = Debug|Any CPU
		{565CA967-F774-4F4E-BAEA-001F123D3FBA}.Debug|ARM.ActiveCfg = Debug|Any CPU
		{565CA967-F774-4F4E-BAEA-001F123D3FBA}.Debug|ARM.Build.0 = Debug|Any CPU
		{565CA967-F774-4F4E-BAEA-001F123D3FBA}.Debug|iPhone.ActiveCfg = Debug|Any CPU
		{565CA967-F774-4F4E-BAEA-001F123D3FBA}.Debug|iPhone.Build.0 = Debug|Any CPU
		{565CA967-F774-4F4E-BAEA-001F123D3FBA}.Debug|iPhoneSimulator.ActiveCfg = Debug|Any CPU
		{565CA967-F774-4F4E-BAEA-001F123D3FBA}.Debug|iPhoneSimulator.Build.0 = Debug|Any CPU
		{565CA967-F774-4F4E-BAEA-001F123D3FBA}.Debug|x64.ActiveCfg = Debug|Any CPU
		{565CA967-F774-4F4E-BAEA-001F123D3FBA}.Debug|x64.Build.0 = Debug|Any CPU
		{565CA967-F774-4F4E-BAEA-001F123D3FBA}.Debug|x86.ActiveCfg = Debug|Any CPU
		{565CA967-F774-4F4E-BAEA-001F123D3FBA}.Debug|x86.Build.0 = Debug|Any CPU
		{565CA967-F774-4F4E-BAEA-001F123D3FBA}.Release|Any CPU.ActiveCfg = Release|Any CPU
		{565CA967-F774-4F4E-BAEA-001F123D3FBA}.Release|Any CPU.Build.0 = Release|Any CPU
		{565CA967-F774-4F4E-BAEA-001F123D3FBA}.Release|ARM.ActiveCfg = Release|Any CPU
		{565CA967-F774-4F4E-BAEA-001F123D3FBA}.Release|ARM.Build.0 = Release|Any CPU
		{565CA967-F774-4F4E-BAEA-001F123D3FBA}.Release|iPhone.ActiveCfg = Release|Any CPU
		{565CA967-F774-4F4E-BAEA-001F123D3FBA}.Release|iPhone.Build.0 = Release|Any CPU
		{565CA967-F774-4F4E-BAEA-001F123D3FBA}.Release|iPhoneSimulator.ActiveCfg = Release|Any CPU
		{565CA967-F774-4F4E-BAEA-001F123D3FBA}.Release|iPhoneSimulator.Build.0 = Release|Any CPU
		{565CA967-F774-4F4E-BAEA-001F123D3FBA}.Release|x64.ActiveCfg = Release|Any CPU
		{565CA967-F774-4F4E-BAEA-001F123D3FBA}.Release|x64.Build.0 = Release|Any CPU
		{565CA967-F774-4F4E-BAEA-001F123D3FBA}.Release|x86.ActiveCfg = Release|Any CPU
		{565CA967-F774-4F4E-BAEA-001F123D3FBA}.Release|x86.Build.0 = Release|Any CPU
		{96403E0D-B76D-4EA9-9BD7-BD0CD52A7696}.Ad-Hoc|Any CPU.ActiveCfg = Release|Any CPU
		{96403E0D-B76D-4EA9-9BD7-BD0CD52A7696}.Ad-Hoc|Any CPU.Build.0 = Release|Any CPU
		{96403E0D-B76D-4EA9-9BD7-BD0CD52A7696}.Ad-Hoc|ARM.ActiveCfg = Release|Any CPU
		{96403E0D-B76D-4EA9-9BD7-BD0CD52A7696}.Ad-Hoc|ARM.Build.0 = Release|Any CPU
		{96403E0D-B76D-4EA9-9BD7-BD0CD52A7696}.Ad-Hoc|iPhone.ActiveCfg = Release|Any CPU
		{96403E0D-B76D-4EA9-9BD7-BD0CD52A7696}.Ad-Hoc|iPhone.Build.0 = Release|Any CPU
		{96403E0D-B76D-4EA9-9BD7-BD0CD52A7696}.Ad-Hoc|iPhoneSimulator.ActiveCfg = Release|Any CPU
		{96403E0D-B76D-4EA9-9BD7-BD0CD52A7696}.Ad-Hoc|iPhoneSimulator.Build.0 = Release|Any CPU
		{96403E0D-B76D-4EA9-9BD7-BD0CD52A7696}.Ad-Hoc|x64.ActiveCfg = Release|Any CPU
		{96403E0D-B76D-4EA9-9BD7-BD0CD52A7696}.Ad-Hoc|x64.Build.0 = Release|Any CPU
		{96403E0D-B76D-4EA9-9BD7-BD0CD52A7696}.Ad-Hoc|x86.ActiveCfg = Release|Any CPU
		{96403E0D-B76D-4EA9-9BD7-BD0CD52A7696}.Ad-Hoc|x86.Build.0 = Release|Any CPU
		{96403E0D-B76D-4EA9-9BD7-BD0CD52A7696}.AppStore|Any CPU.ActiveCfg = Release|Any CPU
		{96403E0D-B76D-4EA9-9BD7-BD0CD52A7696}.AppStore|Any CPU.Build.0 = Release|Any CPU
		{96403E0D-B76D-4EA9-9BD7-BD0CD52A7696}.AppStore|ARM.ActiveCfg = Release|Any CPU
		{96403E0D-B76D-4EA9-9BD7-BD0CD52A7696}.AppStore|ARM.Build.0 = Release|Any CPU
		{96403E0D-B76D-4EA9-9BD7-BD0CD52A7696}.AppStore|iPhone.ActiveCfg = Release|Any CPU
		{96403E0D-B76D-4EA9-9BD7-BD0CD52A7696}.AppStore|iPhone.Build.0 = Release|Any CPU
		{96403E0D-B76D-4EA9-9BD7-BD0CD52A7696}.AppStore|iPhoneSimulator.ActiveCfg = Release|Any CPU
		{96403E0D-B76D-4EA9-9BD7-BD0CD52A7696}.AppStore|iPhoneSimulator.Build.0 = Release|Any CPU
		{96403E0D-B76D-4EA9-9BD7-BD0CD52A7696}.AppStore|x64.ActiveCfg = Release|Any CPU
		{96403E0D-B76D-4EA9-9BD7-BD0CD52A7696}.AppStore|x64.Build.0 = Release|Any CPU
		{96403E0D-B76D-4EA9-9BD7-BD0CD52A7696}.AppStore|x86.ActiveCfg = Release|Any CPU
		{96403E0D-B76D-4EA9-9BD7-BD0CD52A7696}.AppStore|x86.Build.0 = Release|Any CPU
		{96403E0D-B76D-4EA9-9BD7-BD0CD52A7696}.Debug|Any CPU.ActiveCfg = Debug|Any CPU
		{96403E0D-B76D-4EA9-9BD7-BD0CD52A7696}.Debug|Any CPU.Build.0 = Debug|Any CPU
		{96403E0D-B76D-4EA9-9BD7-BD0CD52A7696}.Debug|ARM.ActiveCfg = Debug|Any CPU
		{96403E0D-B76D-4EA9-9BD7-BD0CD52A7696}.Debug|ARM.Build.0 = Debug|Any CPU
		{96403E0D-B76D-4EA9-9BD7-BD0CD52A7696}.Debug|iPhone.ActiveCfg = Debug|Any CPU
		{96403E0D-B76D-4EA9-9BD7-BD0CD52A7696}.Debug|iPhone.Build.0 = Debug|Any CPU
		{96403E0D-B76D-4EA9-9BD7-BD0CD52A7696}.Debug|iPhoneSimulator.ActiveCfg = Debug|Any CPU
		{96403E0D-B76D-4EA9-9BD7-BD0CD52A7696}.Debug|iPhoneSimulator.Build.0 = Debug|Any CPU
		{96403E0D-B76D-4EA9-9BD7-BD0CD52A7696}.Debug|x64.ActiveCfg = Debug|Any CPU
		{96403E0D-B76D-4EA9-9BD7-BD0CD52A7696}.Debug|x64.Build.0 = Debug|Any CPU
		{96403E0D-B76D-4EA9-9BD7-BD0CD52A7696}.Debug|x86.ActiveCfg = Debug|Any CPU
		{96403E0D-B76D-4EA9-9BD7-BD0CD52A7696}.Debug|x86.Build.0 = Debug|Any CPU
		{96403E0D-B76D-4EA9-9BD7-BD0CD52A7696}.Release|Any CPU.ActiveCfg = Release|Any CPU
		{96403E0D-B76D-4EA9-9BD7-BD0CD52A7696}.Release|Any CPU.Build.0 = Release|Any CPU
		{96403E0D-B76D-4EA9-9BD7-BD0CD52A7696}.Release|ARM.ActiveCfg = Release|Any CPU
		{96403E0D-B76D-4EA9-9BD7-BD0CD52A7696}.Release|ARM.Build.0 = Release|Any CPU
		{96403E0D-B76D-4EA9-9BD7-BD0CD52A7696}.Release|iPhone.ActiveCfg = Release|Any CPU
		{96403E0D-B76D-4EA9-9BD7-BD0CD52A7696}.Release|iPhone.Build.0 = Release|Any CPU
		{96403E0D-B76D-4EA9-9BD7-BD0CD52A7696}.Release|iPhoneSimulator.ActiveCfg = Release|Any CPU
		{96403E0D-B76D-4EA9-9BD7-BD0CD52A7696}.Release|iPhoneSimulator.Build.0 = Release|Any CPU
		{96403E0D-B76D-4EA9-9BD7-BD0CD52A7696}.Release|x64.ActiveCfg = Release|Any CPU
		{96403E0D-B76D-4EA9-9BD7-BD0CD52A7696}.Release|x64.Build.0 = Release|Any CPU
		{96403E0D-B76D-4EA9-9BD7-BD0CD52A7696}.Release|x86.ActiveCfg = Release|Any CPU
		{96403E0D-B76D-4EA9-9BD7-BD0CD52A7696}.Release|x86.Build.0 = Release|Any CPU
		{FBABB289-FF9D-4314-B20F-52F3697015E4}.Ad-Hoc|Any CPU.ActiveCfg = Release|Any CPU
		{FBABB289-FF9D-4314-B20F-52F3697015E4}.Ad-Hoc|Any CPU.Build.0 = Release|Any CPU
		{FBABB289-FF9D-4314-B20F-52F3697015E4}.Ad-Hoc|ARM.ActiveCfg = Release|Any CPU
		{FBABB289-FF9D-4314-B20F-52F3697015E4}.Ad-Hoc|ARM.Build.0 = Release|Any CPU
		{FBABB289-FF9D-4314-B20F-52F3697015E4}.Ad-Hoc|iPhone.ActiveCfg = Release|Any CPU
		{FBABB289-FF9D-4314-B20F-52F3697015E4}.Ad-Hoc|iPhone.Build.0 = Release|Any CPU
		{FBABB289-FF9D-4314-B20F-52F3697015E4}.Ad-Hoc|iPhoneSimulator.ActiveCfg = Release|Any CPU
		{FBABB289-FF9D-4314-B20F-52F3697015E4}.Ad-Hoc|iPhoneSimulator.Build.0 = Release|Any CPU
		{FBABB289-FF9D-4314-B20F-52F3697015E4}.Ad-Hoc|x64.ActiveCfg = Release|Any CPU
		{FBABB289-FF9D-4314-B20F-52F3697015E4}.Ad-Hoc|x64.Build.0 = Release|Any CPU
		{FBABB289-FF9D-4314-B20F-52F3697015E4}.Ad-Hoc|x86.ActiveCfg = Release|Any CPU
		{FBABB289-FF9D-4314-B20F-52F3697015E4}.Ad-Hoc|x86.Build.0 = Release|Any CPU
		{FBABB289-FF9D-4314-B20F-52F3697015E4}.AppStore|Any CPU.ActiveCfg = Release|Any CPU
		{FBABB289-FF9D-4314-B20F-52F3697015E4}.AppStore|Any CPU.Build.0 = Release|Any CPU
		{FBABB289-FF9D-4314-B20F-52F3697015E4}.AppStore|ARM.ActiveCfg = Release|Any CPU
		{FBABB289-FF9D-4314-B20F-52F3697015E4}.AppStore|ARM.Build.0 = Release|Any CPU
		{FBABB289-FF9D-4314-B20F-52F3697015E4}.AppStore|iPhone.ActiveCfg = Release|Any CPU
		{FBABB289-FF9D-4314-B20F-52F3697015E4}.AppStore|iPhone.Build.0 = Release|Any CPU
		{FBABB289-FF9D-4314-B20F-52F3697015E4}.AppStore|iPhoneSimulator.ActiveCfg = Release|Any CPU
		{FBABB289-FF9D-4314-B20F-52F3697015E4}.AppStore|iPhoneSimulator.Build.0 = Release|Any CPU
		{FBABB289-FF9D-4314-B20F-52F3697015E4}.AppStore|x64.ActiveCfg = Release|Any CPU
		{FBABB289-FF9D-4314-B20F-52F3697015E4}.AppStore|x64.Build.0 = Release|Any CPU
		{FBABB289-FF9D-4314-B20F-52F3697015E4}.AppStore|x86.ActiveCfg = Release|Any CPU
		{FBABB289-FF9D-4314-B20F-52F3697015E4}.AppStore|x86.Build.0 = Release|Any CPU
		{FBABB289-FF9D-4314-B20F-52F3697015E4}.Debug|Any CPU.ActiveCfg = Debug|Any CPU
		{FBABB289-FF9D-4314-B20F-52F3697015E4}.Debug|Any CPU.Build.0 = Debug|Any CPU
		{FBABB289-FF9D-4314-B20F-52F3697015E4}.Debug|ARM.ActiveCfg = Debug|Any CPU
		{FBABB289-FF9D-4314-B20F-52F3697015E4}.Debug|ARM.Build.0 = Debug|Any CPU
		{FBABB289-FF9D-4314-B20F-52F3697015E4}.Debug|iPhone.ActiveCfg = Debug|Any CPU
		{FBABB289-FF9D-4314-B20F-52F3697015E4}.Debug|iPhone.Build.0 = Debug|Any CPU
		{FBABB289-FF9D-4314-B20F-52F3697015E4}.Debug|iPhoneSimulator.ActiveCfg = Debug|Any CPU
		{FBABB289-FF9D-4314-B20F-52F3697015E4}.Debug|iPhoneSimulator.Build.0 = Debug|Any CPU
		{FBABB289-FF9D-4314-B20F-52F3697015E4}.Debug|x64.ActiveCfg = Debug|Any CPU
		{FBABB289-FF9D-4314-B20F-52F3697015E4}.Debug|x64.Build.0 = Debug|Any CPU
		{FBABB289-FF9D-4314-B20F-52F3697015E4}.Debug|x86.ActiveCfg = Debug|Any CPU
		{FBABB289-FF9D-4314-B20F-52F3697015E4}.Debug|x86.Build.0 = Debug|Any CPU
		{FBABB289-FF9D-4314-B20F-52F3697015E4}.Release|Any CPU.ActiveCfg = Release|Any CPU
		{FBABB289-FF9D-4314-B20F-52F3697015E4}.Release|Any CPU.Build.0 = Release|Any CPU
		{FBABB289-FF9D-4314-B20F-52F3697015E4}.Release|ARM.ActiveCfg = Release|Any CPU
		{FBABB289-FF9D-4314-B20F-52F3697015E4}.Release|ARM.Build.0 = Release|Any CPU
		{FBABB289-FF9D-4314-B20F-52F3697015E4}.Release|iPhone.ActiveCfg = Release|Any CPU
		{FBABB289-FF9D-4314-B20F-52F3697015E4}.Release|iPhone.Build.0 = Release|Any CPU
		{FBABB289-FF9D-4314-B20F-52F3697015E4}.Release|iPhoneSimulator.ActiveCfg = Release|Any CPU
		{FBABB289-FF9D-4314-B20F-52F3697015E4}.Release|iPhoneSimulator.Build.0 = Release|Any CPU
		{FBABB289-FF9D-4314-B20F-52F3697015E4}.Release|x64.ActiveCfg = Release|Any CPU
		{FBABB289-FF9D-4314-B20F-52F3697015E4}.Release|x64.Build.0 = Release|Any CPU
		{FBABB289-FF9D-4314-B20F-52F3697015E4}.Release|x86.ActiveCfg = Release|Any CPU
		{FBABB289-FF9D-4314-B20F-52F3697015E4}.Release|x86.Build.0 = Release|Any CPU
		{499362A6-81F6-4AE6-83E5-D57206DA4021}.Ad-Hoc|Any CPU.ActiveCfg = Release|Any CPU
		{499362A6-81F6-4AE6-83E5-D57206DA4021}.Ad-Hoc|Any CPU.Build.0 = Release|Any CPU
		{499362A6-81F6-4AE6-83E5-D57206DA4021}.Ad-Hoc|ARM.ActiveCfg = Release|Any CPU
		{499362A6-81F6-4AE6-83E5-D57206DA4021}.Ad-Hoc|ARM.Build.0 = Release|Any CPU
		{499362A6-81F6-4AE6-83E5-D57206DA4021}.Ad-Hoc|iPhone.ActiveCfg = Release|Any CPU
		{499362A6-81F6-4AE6-83E5-D57206DA4021}.Ad-Hoc|iPhone.Build.0 = Release|Any CPU
		{499362A6-81F6-4AE6-83E5-D57206DA4021}.Ad-Hoc|iPhoneSimulator.ActiveCfg = Release|Any CPU
		{499362A6-81F6-4AE6-83E5-D57206DA4021}.Ad-Hoc|iPhoneSimulator.Build.0 = Release|Any CPU
		{499362A6-81F6-4AE6-83E5-D57206DA4021}.Ad-Hoc|x64.ActiveCfg = Release|Any CPU
		{499362A6-81F6-4AE6-83E5-D57206DA4021}.Ad-Hoc|x64.Build.0 = Release|Any CPU
		{499362A6-81F6-4AE6-83E5-D57206DA4021}.Ad-Hoc|x86.ActiveCfg = Release|Any CPU
		{499362A6-81F6-4AE6-83E5-D57206DA4021}.Ad-Hoc|x86.Build.0 = Release|Any CPU
		{499362A6-81F6-4AE6-83E5-D57206DA4021}.AppStore|Any CPU.ActiveCfg = Release|Any CPU
		{499362A6-81F6-4AE6-83E5-D57206DA4021}.AppStore|Any CPU.Build.0 = Release|Any CPU
		{499362A6-81F6-4AE6-83E5-D57206DA4021}.AppStore|ARM.ActiveCfg = Release|Any CPU
		{499362A6-81F6-4AE6-83E5-D57206DA4021}.AppStore|ARM.Build.0 = Release|Any CPU
		{499362A6-81F6-4AE6-83E5-D57206DA4021}.AppStore|iPhone.ActiveCfg = Release|Any CPU
		{499362A6-81F6-4AE6-83E5-D57206DA4021}.AppStore|iPhone.Build.0 = Release|Any CPU
		{499362A6-81F6-4AE6-83E5-D57206DA4021}.AppStore|iPhoneSimulator.ActiveCfg = Release|Any CPU
		{499362A6-81F6-4AE6-83E5-D57206DA4021}.AppStore|iPhoneSimulator.Build.0 = Release|Any CPU
		{499362A6-81F6-4AE6-83E5-D57206DA4021}.AppStore|x64.ActiveCfg = Release|Any CPU
		{499362A6-81F6-4AE6-83E5-D57206DA4021}.AppStore|x64.Build.0 = Release|Any CPU
		{499362A6-81F6-4AE6-83E5-D57206DA4021}.AppStore|x86.ActiveCfg = Release|Any CPU
		{499362A6-81F6-4AE6-83E5-D57206DA4021}.AppStore|x86.Build.0 = Release|Any CPU
		{499362A6-81F6-4AE6-83E5-D57206DA4021}.Debug|Any CPU.ActiveCfg = Debug|Any CPU
		{499362A6-81F6-4AE6-83E5-D57206DA4021}.Debug|Any CPU.Build.0 = Debug|Any CPU
		{499362A6-81F6-4AE6-83E5-D57206DA4021}.Debug|ARM.ActiveCfg = Debug|Any CPU
		{499362A6-81F6-4AE6-83E5-D57206DA4021}.Debug|ARM.Build.0 = Debug|Any CPU
		{499362A6-81F6-4AE6-83E5-D57206DA4021}.Debug|iPhone.ActiveCfg = Debug|Any CPU
		{499362A6-81F6-4AE6-83E5-D57206DA4021}.Debug|iPhone.Build.0 = Debug|Any CPU
		{499362A6-81F6-4AE6-83E5-D57206DA4021}.Debug|iPhoneSimulator.ActiveCfg = Debug|Any CPU
		{499362A6-81F6-4AE6-83E5-D57206DA4021}.Debug|iPhoneSimulator.Build.0 = Debug|Any CPU
		{499362A6-81F6-4AE6-83E5-D57206DA4021}.Debug|x64.ActiveCfg = Debug|Any CPU
		{499362A6-81F6-4AE6-83E5-D57206DA4021}.Debug|x64.Build.0 = Debug|Any CPU
		{499362A6-81F6-4AE6-83E5-D57206DA4021}.Debug|x86.ActiveCfg = Debug|Any CPU
		{499362A6-81F6-4AE6-83E5-D57206DA4021}.Debug|x86.Build.0 = Debug|Any CPU
		{499362A6-81F6-4AE6-83E5-D57206DA4021}.Release|Any CPU.ActiveCfg = Release|Any CPU
		{499362A6-81F6-4AE6-83E5-D57206DA4021}.Release|Any CPU.Build.0 = Release|Any CPU
		{499362A6-81F6-4AE6-83E5-D57206DA4021}.Release|ARM.ActiveCfg = Release|Any CPU
		{499362A6-81F6-4AE6-83E5-D57206DA4021}.Release|ARM.Build.0 = Release|Any CPU
		{499362A6-81F6-4AE6-83E5-D57206DA4021}.Release|iPhone.ActiveCfg = Release|Any CPU
		{499362A6-81F6-4AE6-83E5-D57206DA4021}.Release|iPhone.Build.0 = Release|Any CPU
		{499362A6-81F6-4AE6-83E5-D57206DA4021}.Release|iPhoneSimulator.ActiveCfg = Release|Any CPU
		{499362A6-81F6-4AE6-83E5-D57206DA4021}.Release|iPhoneSimulator.Build.0 = Release|Any CPU
		{499362A6-81F6-4AE6-83E5-D57206DA4021}.Release|x64.ActiveCfg = Release|Any CPU
		{499362A6-81F6-4AE6-83E5-D57206DA4021}.Release|x64.Build.0 = Release|Any CPU
		{499362A6-81F6-4AE6-83E5-D57206DA4021}.Release|x86.ActiveCfg = Release|Any CPU
		{499362A6-81F6-4AE6-83E5-D57206DA4021}.Release|x86.Build.0 = Release|Any CPU
		{0F8E09C3-E9A3-487C-B53A-DC235803CBD1}.Ad-Hoc|Any CPU.ActiveCfg = Release|Any CPU
		{0F8E09C3-E9A3-487C-B53A-DC235803CBD1}.Ad-Hoc|Any CPU.Build.0 = Release|Any CPU
		{0F8E09C3-E9A3-487C-B53A-DC235803CBD1}.Ad-Hoc|ARM.ActiveCfg = Release|Any CPU
		{0F8E09C3-E9A3-487C-B53A-DC235803CBD1}.Ad-Hoc|ARM.Build.0 = Release|Any CPU
		{0F8E09C3-E9A3-487C-B53A-DC235803CBD1}.Ad-Hoc|iPhone.ActiveCfg = Release|Any CPU
		{0F8E09C3-E9A3-487C-B53A-DC235803CBD1}.Ad-Hoc|iPhone.Build.0 = Release|Any CPU
		{0F8E09C3-E9A3-487C-B53A-DC235803CBD1}.Ad-Hoc|iPhoneSimulator.ActiveCfg = Release|Any CPU
		{0F8E09C3-E9A3-487C-B53A-DC235803CBD1}.Ad-Hoc|iPhoneSimulator.Build.0 = Release|Any CPU
		{0F8E09C3-E9A3-487C-B53A-DC235803CBD1}.Ad-Hoc|x64.ActiveCfg = Release|Any CPU
		{0F8E09C3-E9A3-487C-B53A-DC235803CBD1}.Ad-Hoc|x64.Build.0 = Release|Any CPU
		{0F8E09C3-E9A3-487C-B53A-DC235803CBD1}.Ad-Hoc|x86.ActiveCfg = Release|Any CPU
		{0F8E09C3-E9A3-487C-B53A-DC235803CBD1}.Ad-Hoc|x86.Build.0 = Release|Any CPU
		{0F8E09C3-E9A3-487C-B53A-DC235803CBD1}.AppStore|Any CPU.ActiveCfg = Release|Any CPU
		{0F8E09C3-E9A3-487C-B53A-DC235803CBD1}.AppStore|Any CPU.Build.0 = Release|Any CPU
		{0F8E09C3-E9A3-487C-B53A-DC235803CBD1}.AppStore|ARM.ActiveCfg = Release|Any CPU
		{0F8E09C3-E9A3-487C-B53A-DC235803CBD1}.AppStore|ARM.Build.0 = Release|Any CPU
		{0F8E09C3-E9A3-487C-B53A-DC235803CBD1}.AppStore|iPhone.ActiveCfg = Release|Any CPU
		{0F8E09C3-E9A3-487C-B53A-DC235803CBD1}.AppStore|iPhone.Build.0 = Release|Any CPU
		{0F8E09C3-E9A3-487C-B53A-DC235803CBD1}.AppStore|iPhoneSimulator.ActiveCfg = Release|Any CPU
		{0F8E09C3-E9A3-487C-B53A-DC235803CBD1}.AppStore|iPhoneSimulator.Build.0 = Release|Any CPU
		{0F8E09C3-E9A3-487C-B53A-DC235803CBD1}.AppStore|x64.ActiveCfg = Release|Any CPU
		{0F8E09C3-E9A3-487C-B53A-DC235803CBD1}.AppStore|x64.Build.0 = Release|Any CPU
		{0F8E09C3-E9A3-487C-B53A-DC235803CBD1}.AppStore|x86.ActiveCfg = Release|Any CPU
		{0F8E09C3-E9A3-487C-B53A-DC235803CBD1}.AppStore|x86.Build.0 = Release|Any CPU
		{0F8E09C3-E9A3-487C-B53A-DC235803CBD1}.Debug|Any CPU.ActiveCfg = Debug|Any CPU
		{0F8E09C3-E9A3-487C-B53A-DC235803CBD1}.Debug|Any CPU.Build.0 = Debug|Any CPU
		{0F8E09C3-E9A3-487C-B53A-DC235803CBD1}.Debug|ARM.ActiveCfg = Debug|Any CPU
		{0F8E09C3-E9A3-487C-B53A-DC235803CBD1}.Debug|ARM.Build.0 = Debug|Any CPU
		{0F8E09C3-E9A3-487C-B53A-DC235803CBD1}.Debug|iPhone.ActiveCfg = Debug|Any CPU
		{0F8E09C3-E9A3-487C-B53A-DC235803CBD1}.Debug|iPhone.Build.0 = Debug|Any CPU
		{0F8E09C3-E9A3-487C-B53A-DC235803CBD1}.Debug|iPhoneSimulator.ActiveCfg = Debug|Any CPU
		{0F8E09C3-E9A3-487C-B53A-DC235803CBD1}.Debug|iPhoneSimulator.Build.0 = Debug|Any CPU
		{0F8E09C3-E9A3-487C-B53A-DC235803CBD1}.Debug|x64.ActiveCfg = Debug|Any CPU
		{0F8E09C3-E9A3-487C-B53A-DC235803CBD1}.Debug|x64.Build.0 = Debug|Any CPU
		{0F8E09C3-E9A3-487C-B53A-DC235803CBD1}.Debug|x86.ActiveCfg = Debug|Any CPU
		{0F8E09C3-E9A3-487C-B53A-DC235803CBD1}.Debug|x86.Build.0 = Debug|Any CPU
		{0F8E09C3-E9A3-487C-B53A-DC235803CBD1}.Release|Any CPU.ActiveCfg = Release|Any CPU
		{0F8E09C3-E9A3-487C-B53A-DC235803CBD1}.Release|Any CPU.Build.0 = Release|Any CPU
		{0F8E09C3-E9A3-487C-B53A-DC235803CBD1}.Release|ARM.ActiveCfg = Release|Any CPU
		{0F8E09C3-E9A3-487C-B53A-DC235803CBD1}.Release|ARM.Build.0 = Release|Any CPU
		{0F8E09C3-E9A3-487C-B53A-DC235803CBD1}.Release|iPhone.ActiveCfg = Release|Any CPU
		{0F8E09C3-E9A3-487C-B53A-DC235803CBD1}.Release|iPhone.Build.0 = Release|Any CPU
		{0F8E09C3-E9A3-487C-B53A-DC235803CBD1}.Release|iPhoneSimulator.ActiveCfg = Release|Any CPU
		{0F8E09C3-E9A3-487C-B53A-DC235803CBD1}.Release|iPhoneSimulator.Build.0 = Release|Any CPU
		{0F8E09C3-E9A3-487C-B53A-DC235803CBD1}.Release|x64.ActiveCfg = Release|Any CPU
		{0F8E09C3-E9A3-487C-B53A-DC235803CBD1}.Release|x64.Build.0 = Release|Any CPU
		{0F8E09C3-E9A3-487C-B53A-DC235803CBD1}.Release|x86.ActiveCfg = Release|Any CPU
		{0F8E09C3-E9A3-487C-B53A-DC235803CBD1}.Release|x86.Build.0 = Release|Any CPU
		{283311C3-4EF9-400F-A1DF-C18A330E3433}.Ad-Hoc|Any CPU.ActiveCfg = Release|x64
		{283311C3-4EF9-400F-A1DF-C18A330E3433}.Ad-Hoc|Any CPU.Build.0 = Release|x64
		{283311C3-4EF9-400F-A1DF-C18A330E3433}.Ad-Hoc|Any CPU.Deploy.0 = Release|x64
		{283311C3-4EF9-400F-A1DF-C18A330E3433}.Ad-Hoc|ARM.ActiveCfg = Release|ARM
		{283311C3-4EF9-400F-A1DF-C18A330E3433}.Ad-Hoc|ARM.Build.0 = Release|ARM
		{283311C3-4EF9-400F-A1DF-C18A330E3433}.Ad-Hoc|ARM.Deploy.0 = Release|ARM
		{283311C3-4EF9-400F-A1DF-C18A330E3433}.Ad-Hoc|iPhone.ActiveCfg = Release|x64
		{283311C3-4EF9-400F-A1DF-C18A330E3433}.Ad-Hoc|iPhone.Build.0 = Release|x64
		{283311C3-4EF9-400F-A1DF-C18A330E3433}.Ad-Hoc|iPhone.Deploy.0 = Release|x64
		{283311C3-4EF9-400F-A1DF-C18A330E3433}.Ad-Hoc|iPhoneSimulator.ActiveCfg = Release|x64
		{283311C3-4EF9-400F-A1DF-C18A330E3433}.Ad-Hoc|iPhoneSimulator.Build.0 = Release|x64
		{283311C3-4EF9-400F-A1DF-C18A330E3433}.Ad-Hoc|iPhoneSimulator.Deploy.0 = Release|x64
		{283311C3-4EF9-400F-A1DF-C18A330E3433}.Ad-Hoc|x64.ActiveCfg = Release|x64
		{283311C3-4EF9-400F-A1DF-C18A330E3433}.Ad-Hoc|x64.Build.0 = Release|x64
		{283311C3-4EF9-400F-A1DF-C18A330E3433}.Ad-Hoc|x64.Deploy.0 = Release|x64
		{283311C3-4EF9-400F-A1DF-C18A330E3433}.Ad-Hoc|x86.ActiveCfg = Release|x86
		{283311C3-4EF9-400F-A1DF-C18A330E3433}.Ad-Hoc|x86.Build.0 = Release|x86
		{283311C3-4EF9-400F-A1DF-C18A330E3433}.Ad-Hoc|x86.Deploy.0 = Release|x86
		{283311C3-4EF9-400F-A1DF-C18A330E3433}.AppStore|Any CPU.ActiveCfg = Release|x64
		{283311C3-4EF9-400F-A1DF-C18A330E3433}.AppStore|Any CPU.Build.0 = Release|x64
		{283311C3-4EF9-400F-A1DF-C18A330E3433}.AppStore|Any CPU.Deploy.0 = Release|x64
		{283311C3-4EF9-400F-A1DF-C18A330E3433}.AppStore|ARM.ActiveCfg = Release|ARM
		{283311C3-4EF9-400F-A1DF-C18A330E3433}.AppStore|ARM.Build.0 = Release|ARM
		{283311C3-4EF9-400F-A1DF-C18A330E3433}.AppStore|ARM.Deploy.0 = Release|ARM
		{283311C3-4EF9-400F-A1DF-C18A330E3433}.AppStore|iPhone.ActiveCfg = Release|x64
		{283311C3-4EF9-400F-A1DF-C18A330E3433}.AppStore|iPhone.Build.0 = Release|x64
		{283311C3-4EF9-400F-A1DF-C18A330E3433}.AppStore|iPhone.Deploy.0 = Release|x64
		{283311C3-4EF9-400F-A1DF-C18A330E3433}.AppStore|iPhoneSimulator.ActiveCfg = Release|x64
		{283311C3-4EF9-400F-A1DF-C18A330E3433}.AppStore|iPhoneSimulator.Build.0 = Release|x64
		{283311C3-4EF9-400F-A1DF-C18A330E3433}.AppStore|iPhoneSimulator.Deploy.0 = Release|x64
		{283311C3-4EF9-400F-A1DF-C18A330E3433}.AppStore|x64.ActiveCfg = Release|x64
		{283311C3-4EF9-400F-A1DF-C18A330E3433}.AppStore|x64.Build.0 = Release|x64
		{283311C3-4EF9-400F-A1DF-C18A330E3433}.AppStore|x64.Deploy.0 = Release|x64
		{283311C3-4EF9-400F-A1DF-C18A330E3433}.AppStore|x86.ActiveCfg = Release|x86
		{283311C3-4EF9-400F-A1DF-C18A330E3433}.AppStore|x86.Build.0 = Release|x86
		{283311C3-4EF9-400F-A1DF-C18A330E3433}.AppStore|x86.Deploy.0 = Release|x86
		{283311C3-4EF9-400F-A1DF-C18A330E3433}.Debug|Any CPU.ActiveCfg = Debug|x86
		{283311C3-4EF9-400F-A1DF-C18A330E3433}.Debug|Any CPU.Build.0 = Debug|x86
		{283311C3-4EF9-400F-A1DF-C18A330E3433}.Debug|Any CPU.Deploy.0 = Debug|x86
		{283311C3-4EF9-400F-A1DF-C18A330E3433}.Debug|ARM.ActiveCfg = Debug|ARM
		{283311C3-4EF9-400F-A1DF-C18A330E3433}.Debug|ARM.Build.0 = Debug|ARM
		{283311C3-4EF9-400F-A1DF-C18A330E3433}.Debug|ARM.Deploy.0 = Debug|ARM
		{283311C3-4EF9-400F-A1DF-C18A330E3433}.Debug|iPhone.ActiveCfg = Debug|x86
		{283311C3-4EF9-400F-A1DF-C18A330E3433}.Debug|iPhoneSimulator.ActiveCfg = Debug|x86
		{283311C3-4EF9-400F-A1DF-C18A330E3433}.Debug|x64.ActiveCfg = Debug|x64
		{283311C3-4EF9-400F-A1DF-C18A330E3433}.Debug|x64.Build.0 = Debug|x64
		{283311C3-4EF9-400F-A1DF-C18A330E3433}.Debug|x64.Deploy.0 = Debug|x64
		{283311C3-4EF9-400F-A1DF-C18A330E3433}.Debug|x86.ActiveCfg = Debug|x86
		{283311C3-4EF9-400F-A1DF-C18A330E3433}.Debug|x86.Build.0 = Debug|x86
		{283311C3-4EF9-400F-A1DF-C18A330E3433}.Debug|x86.Deploy.0 = Debug|x86
		{283311C3-4EF9-400F-A1DF-C18A330E3433}.Release|Any CPU.ActiveCfg = Release|x86
		{283311C3-4EF9-400F-A1DF-C18A330E3433}.Release|ARM.ActiveCfg = Release|ARM
		{283311C3-4EF9-400F-A1DF-C18A330E3433}.Release|ARM.Build.0 = Release|ARM
		{283311C3-4EF9-400F-A1DF-C18A330E3433}.Release|ARM.Deploy.0 = Release|ARM
		{283311C3-4EF9-400F-A1DF-C18A330E3433}.Release|iPhone.ActiveCfg = Release|x86
		{283311C3-4EF9-400F-A1DF-C18A330E3433}.Release|iPhoneSimulator.ActiveCfg = Release|x86
		{283311C3-4EF9-400F-A1DF-C18A330E3433}.Release|x64.ActiveCfg = Release|x64
		{283311C3-4EF9-400F-A1DF-C18A330E3433}.Release|x64.Build.0 = Release|x64
		{283311C3-4EF9-400F-A1DF-C18A330E3433}.Release|x64.Deploy.0 = Release|x64
		{283311C3-4EF9-400F-A1DF-C18A330E3433}.Release|x86.ActiveCfg = Release|x86
		{283311C3-4EF9-400F-A1DF-C18A330E3433}.Release|x86.Build.0 = Release|x86
		{283311C3-4EF9-400F-A1DF-C18A330E3433}.Release|x86.Deploy.0 = Release|x86
	EndGlobalSection
	GlobalSection(SolutionProperties) = preSolution
		HideSolutionNode = FALSE
	EndGlobalSection
	GlobalSection(NestedProjects) = preSolution
		{C12D0C5C-C8E7-413A-B60F-5314D25382CB} = {C985F043-DA9F-4383-BBCB-3DDD88559853}
		{8761C5B5-A2B2-40CE-918B-356852F1986E} = {C985F043-DA9F-4383-BBCB-3DDD88559853}
		{7C8144C2-9FA2-4A15-A4CD-F99E42B4535D} = {C985F043-DA9F-4383-BBCB-3DDD88559853}
		{560C1147-E99E-474D-8FA7-818E9CDAD8DF} = {65C5C9CF-25DC-4726-BF59-991AD3D96B17}
		{672D73D8-66C2-4B33-BECC-AFB971C77EA2} = {65C5C9CF-25DC-4726-BF59-991AD3D96B17}
		{563B4083-B1A9-450A-A7E9-D29E0245430F} = {7CF0E131-EF60-4904-A1CF-6731D43597C1}
		{51E9806E-6E59-4BBE-AD3E-F0D7E650242E} = {8BF71017-A031-40DA-A131-AFE1697758AF}
		{565CA967-F774-4F4E-BAEA-001F123D3FBA} = {8BF71017-A031-40DA-A131-AFE1697758AF}
		{96403E0D-B76D-4EA9-9BD7-BD0CD52A7696} = {8BF71017-A031-40DA-A131-AFE1697758AF}
		{FBABB289-FF9D-4314-B20F-52F3697015E4} = {8BF71017-A031-40DA-A131-AFE1697758AF}
		{499362A6-81F6-4AE6-83E5-D57206DA4021} = {5D7FCDCB-2DC7-43BD-8EB5-0B2A52CD9A70}
		{0F8E09C3-E9A3-487C-B53A-DC235803CBD1} = {8BF71017-A031-40DA-A131-AFE1697758AF}
		{283311C3-4EF9-400F-A1DF-C18A330E3433} = {C985F043-DA9F-4383-BBCB-3DDD88559853}
	EndGlobalSection
EndGlobal
