
Microsoft Visual Studio Solution File, Format Version 12.00
# Visual Studio 14
VisualStudioVersion = 14.0.25420.1
MinimumVisualStudioVersion = 10.0.40219.1
Project("{FAE04EC0-301F-11D3-BF4B-00C04F79EFBC}") = "XParkMinder", "XParkMinder\XParkMinder\XParkMinder.csproj", "{C12D0C5C-C8E7-413A-B60F-5314D25382CB}"
EndProject
Project("{FAE04EC0-301F-11D3-BF4B-00C04F79EFBC}") = "XParkMinder.Droid", "XParkMinder\XParkMinder.Droid\XParkMinder.Droid.csproj", "{8761C5B5-A2B2-40CE-918B-356852F1986E}"
EndProject
Project("{FAE04EC0-301F-11D3-BF4B-00C04F79EFBC}") = "XParkMinder.iOS", "XParkMinder\XParkMinder.iOS\XParkMinder.iOS.csproj", "{7C8144C2-9FA2-4A15-A4CD-F99E42B4535D}"
EndProject
Project("{FAE04EC0-301F-11D3-BF4B-00C04F79EFBC}") = "XParkMinder.WinPhone", "XParkMinder\XParkMinder.WinPhone\XParkMinder.WinPhone.csproj", "{8656BFE7-A44F-47E9-8733-4F51B6268F82}"
EndProject
Project("{FAE04EC0-301F-11D3-BF4B-00C04F79EFBC}") = "XParkMinder.UWP", "XParkMinder\XParkMinder.UWP\XParkMinder.UWP.csproj", "{ACEE86B8-9006-48A2-AD49-1463AABEA6A3}"
EndProject
Project("{FAE04EC0-301F-11D3-BF4B-00C04F79EFBC}") = "XParkMinder.Windows", "XParkMinder\XParkMinder.Windows\XParkMinder.Windows.csproj", "{6BBFDBA4-168D-4C2E-97B7-2A6E37ED1F7D}"
EndProject
Global
	GlobalSection(SolutionConfigurationPlatforms) = preSolution
		Ad-Hoc|Any CPU = Ad-Hoc|Any CPU
		Ad-Hoc|ARM = Ad-Hoc|ARM
		Ad-Hoc|iPhone = Ad-Hoc|iPhone
		Ad-Hoc|iPhoneSimulator = Ad-Hoc|iPhoneSimulator
		Ad-Hoc|x64 = Ad-Hoc|x64
		Ad-Hoc|x86 = Ad-Hoc|x86
		AppStore|Any CPU = AppStore|Any CPU
		AppStore|ARM = AppStore|ARM
		AppStore|iPhone = AppStore|iPhone
		AppStore|iPhoneSimulator = AppStore|iPhoneSimulator
		AppStore|x64 = AppStore|x64
		AppStore|x86 = AppStore|x86
		Debug|Any CPU = Debug|Any CPU
		Debug|ARM = Debug|ARM
		Debug|iPhone = Debug|iPhone
		Debug|iPhoneSimulator = Debug|iPhoneSimulator
		Debug|x64 = Debug|x64
		Debug|x86 = Debug|x86
		Release|Any CPU = Release|Any CPU
		Release|ARM = Release|ARM
		Release|iPhone = Release|iPhone
		Release|iPhoneSimulator = Release|iPhoneSimulator
		Release|x64 = Release|x64
		Release|x86 = Release|x86
	EndGlobalSection
	GlobalSection(ProjectConfigurationPlatforms) = postSolution
		{C12D0C5C-C8E7-413A-B60F-5314D25382CB}.Ad-Hoc|Any CPU.ActiveCfg = Release|Any CPU
		{C12D0C5C-C8E7-413A-B60F-5314D25382CB}.Ad-Hoc|Any CPU.Build.0 = Release|Any CPU
		{C12D0C5C-C8E7-413A-B60F-5314D25382CB}.Ad-Hoc|ARM.ActiveCfg = Release|Any CPU
		{C12D0C5C-C8E7-413A-B60F-5314D25382CB}.Ad-Hoc|ARM.Build.0 = Release|Any CPU
		{C12D0C5C-C8E7-413A-B60F-5314D25382CB}.Ad-Hoc|iPhone.ActiveCfg = Release|Any CPU
		{C12D0C5C-C8E7-413A-B60F-5314D25382CB}.Ad-Hoc|iPhone.Build.0 = Release|Any CPU
		{C12D0C5C-C8E7-413A-B60F-5314D25382CB}.Ad-Hoc|iPhoneSimulator.ActiveCfg = Release|Any CPU
		{C12D0C5C-C8E7-413A-B60F-5314D25382CB}.Ad-Hoc|iPhoneSimulator.Build.0 = Release|Any CPU
		{C12D0C5C-C8E7-413A-B60F-5314D25382CB}.Ad-Hoc|x64.ActiveCfg = Release|Any CPU
		{C12D0C5C-C8E7-413A-B60F-5314D25382CB}.Ad-Hoc|x64.Build.0 = Release|Any CPU
		{C12D0C5C-C8E7-413A-B60F-5314D25382CB}.Ad-Hoc|x86.ActiveCfg = Release|Any CPU
		{C12D0C5C-C8E7-413A-B60F-5314D25382CB}.Ad-Hoc|x86.Build.0 = Release|Any CPU
		{C12D0C5C-C8E7-413A-B60F-5314D25382CB}.AppStore|Any CPU.ActiveCfg = Release|Any CPU
		{C12D0C5C-C8E7-413A-B60F-5314D25382CB}.AppStore|Any CPU.Build.0 = Release|Any CPU
		{C12D0C5C-C8E7-413A-B60F-5314D25382CB}.AppStore|ARM.ActiveCfg = Release|Any CPU
		{C12D0C5C-C8E7-413A-B60F-5314D25382CB}.AppStore|ARM.Build.0 = Release|Any CPU
		{C12D0C5C-C8E7-413A-B60F-5314D25382CB}.AppStore|iPhone.ActiveCfg = Release|Any CPU
		{C12D0C5C-C8E7-413A-B60F-5314D25382CB}.AppStore|iPhone.Build.0 = Release|Any CPU
		{C12D0C5C-C8E7-413A-B60F-5314D25382CB}.AppStore|iPhoneSimulator.ActiveCfg = Release|Any CPU
		{C12D0C5C-C8E7-413A-B60F-5314D25382CB}.AppStore|iPhoneSimulator.Build.0 = Release|Any CPU
		{C12D0C5C-C8E7-413A-B60F-5314D25382CB}.AppStore|x64.ActiveCfg = Release|Any CPU
		{C12D0C5C-C8E7-413A-B60F-5314D25382CB}.AppStore|x64.Build.0 = Release|Any CPU
		{C12D0C5C-C8E7-413A-B60F-5314D25382CB}.AppStore|x86.ActiveCfg = Release|Any CPU
		{C12D0C5C-C8E7-413A-B60F-5314D25382CB}.AppStore|x86.Build.0 = Release|Any CPU
		{C12D0C5C-C8E7-413A-B60F-5314D25382CB}.Debug|Any CPU.ActiveCfg = Debug|Any CPU
		{C12D0C5C-C8E7-413A-B60F-5314D25382CB}.Debug|Any CPU.Build.0 = Debug|Any CPU
		{C12D0C5C-C8E7-413A-B60F-5314D25382CB}.Debug|ARM.ActiveCfg = Debug|Any CPU
		{C12D0C5C-C8E7-413A-B60F-5314D25382CB}.Debug|ARM.Build.0 = Debug|Any CPU
		{C12D0C5C-C8E7-413A-B60F-5314D25382CB}.Debug|iPhone.ActiveCfg = Debug|Any CPU
		{C12D0C5C-C8E7-413A-B60F-5314D25382CB}.Debug|iPhone.Build.0 = Debug|Any CPU
		{C12D0C5C-C8E7-413A-B60F-5314D25382CB}.Debug|iPhoneSimulator.ActiveCfg = Debug|Any CPU
		{C12D0C5C-C8E7-413A-B60F-5314D25382CB}.Debug|iPhoneSimulator.Build.0 = Debug|Any CPU
		{C12D0C5C-C8E7-413A-B60F-5314D25382CB}.Debug|x64.ActiveCfg = Debug|Any CPU
		{C12D0C5C-C8E7-413A-B60F-5314D25382CB}.Debug|x64.Build.0 = Debug|Any CPU
		{C12D0C5C-C8E7-413A-B60F-5314D25382CB}.Debug|x86.ActiveCfg = Debug|Any CPU
		{C12D0C5C-C8E7-413A-B60F-5314D25382CB}.Debug|x86.Build.0 = Debug|Any CPU
		{C12D0C5C-C8E7-413A-B60F-5314D25382CB}.Release|Any CPU.ActiveCfg = Release|Any CPU
		{C12D0C5C-C8E7-413A-B60F-5314D25382CB}.Release|Any CPU.Build.0 = Release|Any CPU
		{C12D0C5C-C8E7-413A-B60F-5314D25382CB}.Release|ARM.ActiveCfg = Release|Any CPU
		{C12D0C5C-C8E7-413A-B60F-5314D25382CB}.Release|ARM.Build.0 = Release|Any CPU
		{C12D0C5C-C8E7-413A-B60F-5314D25382CB}.Release|iPhone.ActiveCfg = Release|Any CPU
		{C12D0C5C-C8E7-413A-B60F-5314D25382CB}.Release|iPhone.Build.0 = Release|Any CPU
		{C12D0C5C-C8E7-413A-B60F-5314D25382CB}.Release|iPhoneSimulator.ActiveCfg = Release|Any CPU
		{C12D0C5C-C8E7-413A-B60F-5314D25382CB}.Release|iPhoneSimulator.Build.0 = Release|Any CPU
		{C12D0C5C-C8E7-413A-B60F-5314D25382CB}.Release|x64.ActiveCfg = Release|Any CPU
		{C12D0C5C-C8E7-413A-B60F-5314D25382CB}.Release|x64.Build.0 = Release|Any CPU
		{C12D0C5C-C8E7-413A-B60F-5314D25382CB}.Release|x86.ActiveCfg = Release|Any CPU
		{C12D0C5C-C8E7-413A-B60F-5314D25382CB}.Release|x86.Build.0 = Release|Any CPU
		{8761C5B5-A2B2-40CE-918B-356852F1986E}.Ad-Hoc|Any CPU.ActiveCfg = Release|Any CPU
		{8761C5B5-A2B2-40CE-918B-356852F1986E}.Ad-Hoc|Any CPU.Build.0 = Release|Any CPU
		{8761C5B5-A2B2-40CE-918B-356852F1986E}.Ad-Hoc|Any CPU.Deploy.0 = Release|Any CPU
		{8761C5B5-A2B2-40CE-918B-356852F1986E}.Ad-Hoc|ARM.ActiveCfg = Release|Any CPU
		{8761C5B5-A2B2-40CE-918B-356852F1986E}.Ad-Hoc|ARM.Build.0 = Release|Any CPU
		{8761C5B5-A2B2-40CE-918B-356852F1986E}.Ad-Hoc|ARM.Deploy.0 = Release|Any CPU
		{8761C5B5-A2B2-40CE-918B-356852F1986E}.Ad-Hoc|iPhone.ActiveCfg = Release|Any CPU
		{8761C5B5-A2B2-40CE-918B-356852F1986E}.Ad-Hoc|iPhone.Build.0 = Release|Any CPU
		{8761C5B5-A2B2-40CE-918B-356852F1986E}.Ad-Hoc|iPhone.Deploy.0 = Release|Any CPU
		{8761C5B5-A2B2-40CE-918B-356852F1986E}.Ad-Hoc|iPhoneSimulator.ActiveCfg = Release|Any CPU
		{8761C5B5-A2B2-40CE-918B-356852F1986E}.Ad-Hoc|iPhoneSimulator.Build.0 = Release|Any CPU
		{8761C5B5-A2B2-40CE-918B-356852F1986E}.Ad-Hoc|iPhoneSimulator.Deploy.0 = Release|Any CPU
		{8761C5B5-A2B2-40CE-918B-356852F1986E}.Ad-Hoc|x64.ActiveCfg = Release|Any CPU
		{8761C5B5-A2B2-40CE-918B-356852F1986E}.Ad-Hoc|x64.Build.0 = Release|Any CPU
		{8761C5B5-A2B2-40CE-918B-356852F1986E}.Ad-Hoc|x64.Deploy.0 = Release|Any CPU
		{8761C5B5-A2B2-40CE-918B-356852F1986E}.Ad-Hoc|x86.ActiveCfg = Release|Any CPU
		{8761C5B5-A2B2-40CE-918B-356852F1986E}.Ad-Hoc|x86.Build.0 = Release|Any CPU
		{8761C5B5-A2B2-40CE-918B-356852F1986E}.Ad-Hoc|x86.Deploy.0 = Release|Any CPU
		{8761C5B5-A2B2-40CE-918B-356852F1986E}.AppStore|Any CPU.ActiveCfg = Release|Any CPU
		{8761C5B5-A2B2-40CE-918B-356852F1986E}.AppStore|Any CPU.Build.0 = Release|Any CPU
		{8761C5B5-A2B2-40CE-918B-356852F1986E}.AppStore|Any CPU.Deploy.0 = Release|Any CPU
		{8761C5B5-A2B2-40CE-918B-356852F1986E}.AppStore|ARM.ActiveCfg = Release|Any CPU
		{8761C5B5-A2B2-40CE-918B-356852F1986E}.AppStore|ARM.Build.0 = Release|Any CPU
		{8761C5B5-A2B2-40CE-918B-356852F1986E}.AppStore|ARM.Deploy.0 = Release|Any CPU
		{8761C5B5-A2B2-40CE-918B-356852F1986E}.AppStore|iPhone.ActiveCfg = Release|Any CPU
		{8761C5B5-A2B2-40CE-918B-356852F1986E}.AppStore|iPhone.Build.0 = Release|Any CPU
		{8761C5B5-A2B2-40CE-918B-356852F1986E}.AppStore|iPhone.Deploy.0 = Release|Any CPU
		{8761C5B5-A2B2-40CE-918B-356852F1986E}.AppStore|iPhoneSimulator.ActiveCfg = Release|Any CPU
		{8761C5B5-A2B2-40CE-918B-356852F1986E}.AppStore|iPhoneSimulator.Build.0 = Release|Any CPU
		{8761C5B5-A2B2-40CE-918B-356852F1986E}.AppStore|iPhoneSimulator.Deploy.0 = Release|Any CPU
		{8761C5B5-A2B2-40CE-918B-356852F1986E}.AppStore|x64.ActiveCfg = Release|Any CPU
		{8761C5B5-A2B2-40CE-918B-356852F1986E}.AppStore|x64.Build.0 = Release|Any CPU
		{8761C5B5-A2B2-40CE-918B-356852F1986E}.AppStore|x64.Deploy.0 = Release|Any CPU
		{8761C5B5-A2B2-40CE-918B-356852F1986E}.AppStore|x86.ActiveCfg = Release|Any CPU
		{8761C5B5-A2B2-40CE-918B-356852F1986E}.AppStore|x86.Build.0 = Release|Any CPU
		{8761C5B5-A2B2-40CE-918B-356852F1986E}.AppStore|x86.Deploy.0 = Release|Any CPU
		{8761C5B5-A2B2-40CE-918B-356852F1986E}.Debug|Any CPU.ActiveCfg = Debug|Any CPU
		{8761C5B5-A2B2-40CE-918B-356852F1986E}.Debug|Any CPU.Build.0 = Debug|Any CPU
		{8761C5B5-A2B2-40CE-918B-356852F1986E}.Debug|Any CPU.Deploy.0 = Debug|Any CPU
		{8761C5B5-A2B2-40CE-918B-356852F1986E}.Debug|ARM.ActiveCfg = Debug|Any CPU
		{8761C5B5-A2B2-40CE-918B-356852F1986E}.Debug|ARM.Build.0 = Debug|Any CPU
		{8761C5B5-A2B2-40CE-918B-356852F1986E}.Debug|ARM.Deploy.0 = Debug|Any CPU
		{8761C5B5-A2B2-40CE-918B-356852F1986E}.Debug|iPhone.ActiveCfg = Debug|Any CPU
		{8761C5B5-A2B2-40CE-918B-356852F1986E}.Debug|iPhone.Build.0 = Debug|Any CPU
		{8761C5B5-A2B2-40CE-918B-356852F1986E}.Debug|iPhone.Deploy.0 = Debug|Any CPU
		{8761C5B5-A2B2-40CE-918B-356852F1986E}.Debug|iPhoneSimulator.ActiveCfg = Debug|Any CPU
		{8761C5B5-A2B2-40CE-918B-356852F1986E}.Debug|iPhoneSimulator.Build.0 = Debug|Any CPU
		{8761C5B5-A2B2-40CE-918B-356852F1986E}.Debug|iPhoneSimulator.Deploy.0 = Debug|Any CPU
		{8761C5B5-A2B2-40CE-918B-356852F1986E}.Debug|x64.ActiveCfg = Debug|Any CPU
		{8761C5B5-A2B2-40CE-918B-356852F1986E}.Debug|x64.Build.0 = Debug|Any CPU
		{8761C5B5-A2B2-40CE-918B-356852F1986E}.Debug|x64.Deploy.0 = Debug|Any CPU
		{8761C5B5-A2B2-40CE-918B-356852F1986E}.Debug|x86.ActiveCfg = Debug|Any CPU
		{8761C5B5-A2B2-40CE-918B-356852F1986E}.Debug|x86.Build.0 = Debug|Any CPU
		{8761C5B5-A2B2-40CE-918B-356852F1986E}.Debug|x86.Deploy.0 = Debug|Any CPU
		{8761C5B5-A2B2-40CE-918B-356852F1986E}.Release|Any CPU.ActiveCfg = Release|Any CPU
		{8761C5B5-A2B2-40CE-918B-356852F1986E}.Release|Any CPU.Build.0 = Release|Any CPU
		{8761C5B5-A2B2-40CE-918B-356852F1986E}.Release|Any CPU.Deploy.0 = Release|Any CPU
		{8761C5B5-A2B2-40CE-918B-356852F1986E}.Release|ARM.ActiveCfg = Release|Any CPU
		{8761C5B5-A2B2-40CE-918B-356852F1986E}.Release|ARM.Build.0 = Release|Any CPU
		{8761C5B5-A2B2-40CE-918B-356852F1986E}.Release|ARM.Deploy.0 = Release|Any CPU
		{8761C5B5-A2B2-40CE-918B-356852F1986E}.Release|iPhone.ActiveCfg = Release|Any CPU
		{8761C5B5-A2B2-40CE-918B-356852F1986E}.Release|iPhone.Build.0 = Release|Any CPU
		{8761C5B5-A2B2-40CE-918B-356852F1986E}.Release|iPhone.Deploy.0 = Release|Any CPU
		{8761C5B5-A2B2-40CE-918B-356852F1986E}.Release|iPhoneSimulator.ActiveCfg = Release|Any CPU
		{8761C5B5-A2B2-40CE-918B-356852F1986E}.Release|iPhoneSimulator.Build.0 = Release|Any CPU
		{8761C5B5-A2B2-40CE-918B-356852F1986E}.Release|iPhoneSimulator.Deploy.0 = Release|Any CPU
		{8761C5B5-A2B2-40CE-918B-356852F1986E}.Release|x64.ActiveCfg = Release|Any CPU
		{8761C5B5-A2B2-40CE-918B-356852F1986E}.Release|x64.Build.0 = Release|Any CPU
		{8761C5B5-A2B2-40CE-918B-356852F1986E}.Release|x64.Deploy.0 = Release|Any CPU
		{8761C5B5-A2B2-40CE-918B-356852F1986E}.Release|x86.ActiveCfg = Release|Any CPU
		{8761C5B5-A2B2-40CE-918B-356852F1986E}.Release|x86.Build.0 = Release|Any CPU
		{8761C5B5-A2B2-40CE-918B-356852F1986E}.Release|x86.Deploy.0 = Release|Any CPU
		{7C8144C2-9FA2-4A15-A4CD-F99E42B4535D}.Ad-Hoc|Any CPU.ActiveCfg = Ad-Hoc|iPhone
		{7C8144C2-9FA2-4A15-A4CD-F99E42B4535D}.Ad-Hoc|ARM.ActiveCfg = Ad-Hoc|iPhone
		{7C8144C2-9FA2-4A15-A4CD-F99E42B4535D}.Ad-Hoc|iPhone.ActiveCfg = Ad-Hoc|iPhone
		{7C8144C2-9FA2-4A15-A4CD-F99E42B4535D}.Ad-Hoc|iPhone.Build.0 = Ad-Hoc|iPhone
		{7C8144C2-9FA2-4A15-A4CD-F99E42B4535D}.Ad-Hoc|iPhoneSimulator.ActiveCfg = Ad-Hoc|iPhoneSimulator
		{7C8144C2-9FA2-4A15-A4CD-F99E42B4535D}.Ad-Hoc|iPhoneSimulator.Build.0 = Ad-Hoc|iPhoneSimulator
		{7C8144C2-9FA2-4A15-A4CD-F99E42B4535D}.Ad-Hoc|x64.ActiveCfg = Ad-Hoc|iPhone
		{7C8144C2-9FA2-4A15-A4CD-F99E42B4535D}.Ad-Hoc|x86.ActiveCfg = Ad-Hoc|iPhone
		{7C8144C2-9FA2-4A15-A4CD-F99E42B4535D}.AppStore|Any CPU.ActiveCfg = AppStore|iPhone
		{7C8144C2-9FA2-4A15-A4CD-F99E42B4535D}.AppStore|ARM.ActiveCfg = AppStore|iPhone
		{7C8144C2-9FA2-4A15-A4CD-F99E42B4535D}.AppStore|iPhone.ActiveCfg = AppStore|iPhone
		{7C8144C2-9FA2-4A15-A4CD-F99E42B4535D}.AppStore|iPhone.Build.0 = AppStore|iPhone
		{7C8144C2-9FA2-4A15-A4CD-F99E42B4535D}.AppStore|iPhoneSimulator.ActiveCfg = AppStore|iPhoneSimulator
		{7C8144C2-9FA2-4A15-A4CD-F99E42B4535D}.AppStore|iPhoneSimulator.Build.0 = AppStore|iPhoneSimulator
		{7C8144C2-9FA2-4A15-A4CD-F99E42B4535D}.AppStore|x64.ActiveCfg = AppStore|iPhone
		{7C8144C2-9FA2-4A15-A4CD-F99E42B4535D}.AppStore|x86.ActiveCfg = AppStore|iPhone
		{7C8144C2-9FA2-4A15-A4CD-F99E42B4535D}.Debug|Any CPU.ActiveCfg = Debug|iPhone
		{7C8144C2-9FA2-4A15-A4CD-F99E42B4535D}.Debug|ARM.ActiveCfg = Debug|iPhone
		{7C8144C2-9FA2-4A15-A4CD-F99E42B4535D}.Debug|iPhone.ActiveCfg = Debug|iPhone
		{7C8144C2-9FA2-4A15-A4CD-F99E42B4535D}.Debug|iPhone.Build.0 = Debug|iPhone
		{7C8144C2-9FA2-4A15-A4CD-F99E42B4535D}.Debug|iPhoneSimulator.ActiveCfg = Debug|iPhoneSimulator
		{7C8144C2-9FA2-4A15-A4CD-F99E42B4535D}.Debug|iPhoneSimulator.Build.0 = Debug|iPhoneSimulator
		{7C8144C2-9FA2-4A15-A4CD-F99E42B4535D}.Debug|x64.ActiveCfg = Debug|iPhone
		{7C8144C2-9FA2-4A15-A4CD-F99E42B4535D}.Debug|x86.ActiveCfg = Debug|iPhone
		{7C8144C2-9FA2-4A15-A4CD-F99E42B4535D}.Release|Any CPU.ActiveCfg = Release|iPhone
		{7C8144C2-9FA2-4A15-A4CD-F99E42B4535D}.Release|ARM.ActiveCfg = Release|iPhone
		{7C8144C2-9FA2-4A15-A4CD-F99E42B4535D}.Release|iPhone.ActiveCfg = Release|iPhone
		{7C8144C2-9FA2-4A15-A4CD-F99E42B4535D}.Release|iPhone.Build.0 = Release|iPhone
		{7C8144C2-9FA2-4A15-A4CD-F99E42B4535D}.Release|iPhoneSimulator.ActiveCfg = Release|iPhoneSimulator
		{7C8144C2-9FA2-4A15-A4CD-F99E42B4535D}.Release|iPhoneSimulator.Build.0 = Release|iPhoneSimulator
		{7C8144C2-9FA2-4A15-A4CD-F99E42B4535D}.Release|x64.ActiveCfg = Release|iPhone
		{7C8144C2-9FA2-4A15-A4CD-F99E42B4535D}.Release|x86.ActiveCfg = Release|iPhone
		{8656BFE7-A44F-47E9-8733-4F51B6268F82}.Ad-Hoc|Any CPU.ActiveCfg = Release|Any CPU
		{8656BFE7-A44F-47E9-8733-4F51B6268F82}.Ad-Hoc|Any CPU.Build.0 = Release|Any CPU
		{8656BFE7-A44F-47E9-8733-4F51B6268F82}.Ad-Hoc|Any CPU.Deploy.0 = Release|Any CPU
		{8656BFE7-A44F-47E9-8733-4F51B6268F82}.Ad-Hoc|ARM.ActiveCfg = Release|ARM
		{8656BFE7-A44F-47E9-8733-4F51B6268F82}.Ad-Hoc|ARM.Build.0 = Release|ARM
		{8656BFE7-A44F-47E9-8733-4F51B6268F82}.Ad-Hoc|ARM.Deploy.0 = Release|ARM
		{8656BFE7-A44F-47E9-8733-4F51B6268F82}.Ad-Hoc|iPhone.ActiveCfg = Release|Any CPU
		{8656BFE7-A44F-47E9-8733-4F51B6268F82}.Ad-Hoc|iPhone.Build.0 = Release|Any CPU
		{8656BFE7-A44F-47E9-8733-4F51B6268F82}.Ad-Hoc|iPhone.Deploy.0 = Release|Any CPU
		{8656BFE7-A44F-47E9-8733-4F51B6268F82}.Ad-Hoc|iPhoneSimulator.ActiveCfg = Release|Any CPU
		{8656BFE7-A44F-47E9-8733-4F51B6268F82}.Ad-Hoc|iPhoneSimulator.Build.0 = Release|Any CPU
		{8656BFE7-A44F-47E9-8733-4F51B6268F82}.Ad-Hoc|iPhoneSimulator.Deploy.0 = Release|Any CPU
		{8656BFE7-A44F-47E9-8733-4F51B6268F82}.Ad-Hoc|x64.ActiveCfg = Release|Any CPU
		{8656BFE7-A44F-47E9-8733-4F51B6268F82}.Ad-Hoc|x64.Build.0 = Release|Any CPU
		{8656BFE7-A44F-47E9-8733-4F51B6268F82}.Ad-Hoc|x64.Deploy.0 = Release|Any CPU
		{8656BFE7-A44F-47E9-8733-4F51B6268F82}.Ad-Hoc|x86.ActiveCfg = Release|x86
		{8656BFE7-A44F-47E9-8733-4F51B6268F82}.Ad-Hoc|x86.Build.0 = Release|x86
		{8656BFE7-A44F-47E9-8733-4F51B6268F82}.Ad-Hoc|x86.Deploy.0 = Release|x86
		{8656BFE7-A44F-47E9-8733-4F51B6268F82}.AppStore|Any CPU.ActiveCfg = Release|Any CPU
		{8656BFE7-A44F-47E9-8733-4F51B6268F82}.AppStore|Any CPU.Build.0 = Release|Any CPU
		{8656BFE7-A44F-47E9-8733-4F51B6268F82}.AppStore|Any CPU.Deploy.0 = Release|Any CPU
		{8656BFE7-A44F-47E9-8733-4F51B6268F82}.AppStore|ARM.ActiveCfg = Release|ARM
		{8656BFE7-A44F-47E9-8733-4F51B6268F82}.AppStore|ARM.Build.0 = Release|ARM
		{8656BFE7-A44F-47E9-8733-4F51B6268F82}.AppStore|ARM.Deploy.0 = Release|ARM
		{8656BFE7-A44F-47E9-8733-4F51B6268F82}.AppStore|iPhone.ActiveCfg = Release|Any CPU
		{8656BFE7-A44F-47E9-8733-4F51B6268F82}.AppStore|iPhone.Build.0 = Release|Any CPU
		{8656BFE7-A44F-47E9-8733-4F51B6268F82}.AppStore|iPhone.Deploy.0 = Release|Any CPU
		{8656BFE7-A44F-47E9-8733-4F51B6268F82}.AppStore|iPhoneSimulator.ActiveCfg = Release|Any CPU
		{8656BFE7-A44F-47E9-8733-4F51B6268F82}.AppStore|iPhoneSimulator.Build.0 = Release|Any CPU
		{8656BFE7-A44F-47E9-8733-4F51B6268F82}.AppStore|iPhoneSimulator.Deploy.0 = Release|Any CPU
		{8656BFE7-A44F-47E9-8733-4F51B6268F82}.AppStore|x64.ActiveCfg = Release|Any CPU
		{8656BFE7-A44F-47E9-8733-4F51B6268F82}.AppStore|x64.Build.0 = Release|Any CPU
		{8656BFE7-A44F-47E9-8733-4F51B6268F82}.AppStore|x64.Deploy.0 = Release|Any CPU
		{8656BFE7-A44F-47E9-8733-4F51B6268F82}.AppStore|x86.ActiveCfg = Release|x86
		{8656BFE7-A44F-47E9-8733-4F51B6268F82}.AppStore|x86.Build.0 = Release|x86
		{8656BFE7-A44F-47E9-8733-4F51B6268F82}.AppStore|x86.Deploy.0 = Release|x86
		{8656BFE7-A44F-47E9-8733-4F51B6268F82}.Debug|Any CPU.ActiveCfg = Debug|Any CPU
		{8656BFE7-A44F-47E9-8733-4F51B6268F82}.Debug|Any CPU.Build.0 = Debug|Any CPU
		{8656BFE7-A44F-47E9-8733-4F51B6268F82}.Debug|Any CPU.Deploy.0 = Debug|Any CPU
		{8656BFE7-A44F-47E9-8733-4F51B6268F82}.Debug|ARM.ActiveCfg = Debug|ARM
		{8656BFE7-A44F-47E9-8733-4F51B6268F82}.Debug|ARM.Build.0 = Debug|ARM
		{8656BFE7-A44F-47E9-8733-4F51B6268F82}.Debug|ARM.Deploy.0 = Debug|ARM
		{8656BFE7-A44F-47E9-8733-4F51B6268F82}.Debug|iPhone.ActiveCfg = Debug|Any CPU
		{8656BFE7-A44F-47E9-8733-4F51B6268F82}.Debug|iPhone.Build.0 = Debug|Any CPU
		{8656BFE7-A44F-47E9-8733-4F51B6268F82}.Debug|iPhone.Deploy.0 = Debug|Any CPU
		{8656BFE7-A44F-47E9-8733-4F51B6268F82}.Debug|iPhoneSimulator.ActiveCfg = Debug|Any CPU
		{8656BFE7-A44F-47E9-8733-4F51B6268F82}.Debug|iPhoneSimulator.Build.0 = Debug|Any CPU
		{8656BFE7-A44F-47E9-8733-4F51B6268F82}.Debug|iPhoneSimulator.Deploy.0 = Debug|Any CPU
		{8656BFE7-A44F-47E9-8733-4F51B6268F82}.Debug|x64.ActiveCfg = Debug|Any CPU
		{8656BFE7-A44F-47E9-8733-4F51B6268F82}.Debug|x64.Build.0 = Debug|Any CPU
		{8656BFE7-A44F-47E9-8733-4F51B6268F82}.Debug|x64.Deploy.0 = Debug|Any CPU
		{8656BFE7-A44F-47E9-8733-4F51B6268F82}.Debug|x86.ActiveCfg = Debug|x86
		{8656BFE7-A44F-47E9-8733-4F51B6268F82}.Debug|x86.Build.0 = Debug|x86
		{8656BFE7-A44F-47E9-8733-4F51B6268F82}.Debug|x86.Deploy.0 = Debug|x86
		{8656BFE7-A44F-47E9-8733-4F51B6268F82}.Release|Any CPU.ActiveCfg = Release|Any CPU
		{8656BFE7-A44F-47E9-8733-4F51B6268F82}.Release|Any CPU.Build.0 = Release|Any CPU
		{8656BFE7-A44F-47E9-8733-4F51B6268F82}.Release|Any CPU.Deploy.0 = Release|Any CPU
		{8656BFE7-A44F-47E9-8733-4F51B6268F82}.Release|ARM.ActiveCfg = Release|ARM
		{8656BFE7-A44F-47E9-8733-4F51B6268F82}.Release|ARM.Build.0 = Release|ARM
		{8656BFE7-A44F-47E9-8733-4F51B6268F82}.Release|ARM.Deploy.0 = Release|ARM
		{8656BFE7-A44F-47E9-8733-4F51B6268F82}.Release|iPhone.ActiveCfg = Release|Any CPU
		{8656BFE7-A44F-47E9-8733-4F51B6268F82}.Release|iPhone.Build.0 = Release|Any CPU
		{8656BFE7-A44F-47E9-8733-4F51B6268F82}.Release|iPhone.Deploy.0 = Release|Any CPU
		{8656BFE7-A44F-47E9-8733-4F51B6268F82}.Release|iPhoneSimulator.ActiveCfg = Release|Any CPU
		{8656BFE7-A44F-47E9-8733-4F51B6268F82}.Release|iPhoneSimulator.Build.0 = Release|Any CPU
		{8656BFE7-A44F-47E9-8733-4F51B6268F82}.Release|iPhoneSimulator.Deploy.0 = Release|Any CPU
		{8656BFE7-A44F-47E9-8733-4F51B6268F82}.Release|x64.ActiveCfg = Release|Any CPU
		{8656BFE7-A44F-47E9-8733-4F51B6268F82}.Release|x64.Build.0 = Release|Any CPU
		{8656BFE7-A44F-47E9-8733-4F51B6268F82}.Release|x64.Deploy.0 = Release|Any CPU
		{8656BFE7-A44F-47E9-8733-4F51B6268F82}.Release|x86.ActiveCfg = Release|x86
		{8656BFE7-A44F-47E9-8733-4F51B6268F82}.Release|x86.Build.0 = Release|x86
		{8656BFE7-A44F-47E9-8733-4F51B6268F82}.Release|x86.Deploy.0 = Release|x86
		{ACEE86B8-9006-48A2-AD49-1463AABEA6A3}.Ad-Hoc|Any CPU.ActiveCfg = Release|x86
		{ACEE86B8-9006-48A2-AD49-1463AABEA6A3}.Ad-Hoc|Any CPU.Build.0 = Release|x86
		{ACEE86B8-9006-48A2-AD49-1463AABEA6A3}.Ad-Hoc|Any CPU.Deploy.0 = Release|x86
		{ACEE86B8-9006-48A2-AD49-1463AABEA6A3}.Ad-Hoc|ARM.ActiveCfg = Release|ARM
		{ACEE86B8-9006-48A2-AD49-1463AABEA6A3}.Ad-Hoc|ARM.Build.0 = Release|ARM
		{ACEE86B8-9006-48A2-AD49-1463AABEA6A3}.Ad-Hoc|ARM.Deploy.0 = Release|ARM
		{ACEE86B8-9006-48A2-AD49-1463AABEA6A3}.Ad-Hoc|iPhone.ActiveCfg = Release|x86
		{ACEE86B8-9006-48A2-AD49-1463AABEA6A3}.Ad-Hoc|iPhone.Build.0 = Release|x86
		{ACEE86B8-9006-48A2-AD49-1463AABEA6A3}.Ad-Hoc|iPhone.Deploy.0 = Release|x86
		{ACEE86B8-9006-48A2-AD49-1463AABEA6A3}.Ad-Hoc|iPhoneSimulator.ActiveCfg = Release|x86
		{ACEE86B8-9006-48A2-AD49-1463AABEA6A3}.Ad-Hoc|iPhoneSimulator.Build.0 = Release|x86
		{ACEE86B8-9006-48A2-AD49-1463AABEA6A3}.Ad-Hoc|iPhoneSimulator.Deploy.0 = Release|x86
		{ACEE86B8-9006-48A2-AD49-1463AABEA6A3}.Ad-Hoc|x64.ActiveCfg = Release|x64
		{ACEE86B8-9006-48A2-AD49-1463AABEA6A3}.Ad-Hoc|x64.Build.0 = Release|x64
		{ACEE86B8-9006-48A2-AD49-1463AABEA6A3}.Ad-Hoc|x64.Deploy.0 = Release|x64
		{ACEE86B8-9006-48A2-AD49-1463AABEA6A3}.Ad-Hoc|x86.ActiveCfg = Release|x86
		{ACEE86B8-9006-48A2-AD49-1463AABEA6A3}.Ad-Hoc|x86.Build.0 = Release|x86
		{ACEE86B8-9006-48A2-AD49-1463AABEA6A3}.Ad-Hoc|x86.Deploy.0 = Release|x86
		{ACEE86B8-9006-48A2-AD49-1463AABEA6A3}.AppStore|Any CPU.ActiveCfg = Release|x86
		{ACEE86B8-9006-48A2-AD49-1463AABEA6A3}.AppStore|Any CPU.Build.0 = Release|x86
		{ACEE86B8-9006-48A2-AD49-1463AABEA6A3}.AppStore|Any CPU.Deploy.0 = Release|x86
		{ACEE86B8-9006-48A2-AD49-1463AABEA6A3}.AppStore|ARM.ActiveCfg = Release|ARM
		{ACEE86B8-9006-48A2-AD49-1463AABEA6A3}.AppStore|ARM.Build.0 = Release|ARM
		{ACEE86B8-9006-48A2-AD49-1463AABEA6A3}.AppStore|ARM.Deploy.0 = Release|ARM
		{ACEE86B8-9006-48A2-AD49-1463AABEA6A3}.AppStore|iPhone.ActiveCfg = Release|x86
		{ACEE86B8-9006-48A2-AD49-1463AABEA6A3}.AppStore|iPhone.Build.0 = Release|x86
		{ACEE86B8-9006-48A2-AD49-1463AABEA6A3}.AppStore|iPhone.Deploy.0 = Release|x86
		{ACEE86B8-9006-48A2-AD49-1463AABEA6A3}.AppStore|iPhoneSimulator.ActiveCfg = Release|x86
		{ACEE86B8-9006-48A2-AD49-1463AABEA6A3}.AppStore|iPhoneSimulator.Build.0 = Release|x86
		{ACEE86B8-9006-48A2-AD49-1463AABEA6A3}.AppStore|iPhoneSimulator.Deploy.0 = Release|x86
		{ACEE86B8-9006-48A2-AD49-1463AABEA6A3}.AppStore|x64.ActiveCfg = Release|x64
		{ACEE86B8-9006-48A2-AD49-1463AABEA6A3}.AppStore|x64.Build.0 = Release|x64
		{ACEE86B8-9006-48A2-AD49-1463AABEA6A3}.AppStore|x64.Deploy.0 = Release|x64
		{ACEE86B8-9006-48A2-AD49-1463AABEA6A3}.AppStore|x86.ActiveCfg = Release|x86
		{ACEE86B8-9006-48A2-AD49-1463AABEA6A3}.AppStore|x86.Build.0 = Release|x86
		{ACEE86B8-9006-48A2-AD49-1463AABEA6A3}.AppStore|x86.Deploy.0 = Release|x86
		{ACEE86B8-9006-48A2-AD49-1463AABEA6A3}.Debug|Any CPU.ActiveCfg = Debug|x86
		{ACEE86B8-9006-48A2-AD49-1463AABEA6A3}.Debug|ARM.ActiveCfg = Debug|ARM
		{ACEE86B8-9006-48A2-AD49-1463AABEA6A3}.Debug|ARM.Build.0 = Debug|ARM
		{ACEE86B8-9006-48A2-AD49-1463AABEA6A3}.Debug|ARM.Deploy.0 = Debug|ARM
		{ACEE86B8-9006-48A2-AD49-1463AABEA6A3}.Debug|iPhone.ActiveCfg = Debug|x86
		{ACEE86B8-9006-48A2-AD49-1463AABEA6A3}.Debug|iPhoneSimulator.ActiveCfg = Debug|x86
		{ACEE86B8-9006-48A2-AD49-1463AABEA6A3}.Debug|x64.ActiveCfg = Debug|x64
		{ACEE86B8-9006-48A2-AD49-1463AABEA6A3}.Debug|x64.Build.0 = Debug|x64
		{ACEE86B8-9006-48A2-AD49-1463AABEA6A3}.Debug|x64.Deploy.0 = Debug|x64
		{ACEE86B8-9006-48A2-AD49-1463AABEA6A3}.Debug|x86.ActiveCfg = Debug|x86
		{ACEE86B8-9006-48A2-AD49-1463AABEA6A3}.Debug|x86.Build.0 = Debug|x86
		{ACEE86B8-9006-48A2-AD49-1463AABEA6A3}.Debug|x86.Deploy.0 = Debug|x86
		{ACEE86B8-9006-48A2-AD49-1463AABEA6A3}.Release|Any CPU.ActiveCfg = Release|x86
		{ACEE86B8-9006-48A2-AD49-1463AABEA6A3}.Release|ARM.ActiveCfg = Release|ARM
		{ACEE86B8-9006-48A2-AD49-1463AABEA6A3}.Release|ARM.Build.0 = Release|ARM
		{ACEE86B8-9006-48A2-AD49-1463AABEA6A3}.Release|ARM.Deploy.0 = Release|ARM
		{ACEE86B8-9006-48A2-AD49-1463AABEA6A3}.Release|iPhone.ActiveCfg = Release|x86
		{ACEE86B8-9006-48A2-AD49-1463AABEA6A3}.Release|iPhoneSimulator.ActiveCfg = Release|x86
		{ACEE86B8-9006-48A2-AD49-1463AABEA6A3}.Release|x64.ActiveCfg = Release|x64
		{ACEE86B8-9006-48A2-AD49-1463AABEA6A3}.Release|x64.Build.0 = Release|x64
		{ACEE86B8-9006-48A2-AD49-1463AABEA6A3}.Release|x64.Deploy.0 = Release|x64
		{ACEE86B8-9006-48A2-AD49-1463AABEA6A3}.Release|x86.ActiveCfg = Release|x86
		{ACEE86B8-9006-48A2-AD49-1463AABEA6A3}.Release|x86.Build.0 = Release|x86
		{ACEE86B8-9006-48A2-AD49-1463AABEA6A3}.Release|x86.Deploy.0 = Release|x86
		{6BBFDBA4-168D-4C2E-97B7-2A6E37ED1F7D}.Ad-Hoc|Any CPU.ActiveCfg = Release|Any CPU
		{6BBFDBA4-168D-4C2E-97B7-2A6E37ED1F7D}.Ad-Hoc|Any CPU.Build.0 = Release|Any CPU
		{6BBFDBA4-168D-4C2E-97B7-2A6E37ED1F7D}.Ad-Hoc|Any CPU.Deploy.0 = Release|Any CPU
		{6BBFDBA4-168D-4C2E-97B7-2A6E37ED1F7D}.Ad-Hoc|ARM.ActiveCfg = Release|ARM
		{6BBFDBA4-168D-4C2E-97B7-2A6E37ED1F7D}.Ad-Hoc|ARM.Build.0 = Release|ARM
		{6BBFDBA4-168D-4C2E-97B7-2A6E37ED1F7D}.Ad-Hoc|ARM.Deploy.0 = Release|ARM
		{6BBFDBA4-168D-4C2E-97B7-2A6E37ED1F7D}.Ad-Hoc|iPhone.ActiveCfg = Release|Any CPU
		{6BBFDBA4-168D-4C2E-97B7-2A6E37ED1F7D}.Ad-Hoc|iPhone.Build.0 = Release|Any CPU
		{6BBFDBA4-168D-4C2E-97B7-2A6E37ED1F7D}.Ad-Hoc|iPhone.Deploy.0 = Release|Any CPU
		{6BBFDBA4-168D-4C2E-97B7-2A6E37ED1F7D}.Ad-Hoc|iPhoneSimulator.ActiveCfg = Release|Any CPU
		{6BBFDBA4-168D-4C2E-97B7-2A6E37ED1F7D}.Ad-Hoc|iPhoneSimulator.Build.0 = Release|Any CPU
		{6BBFDBA4-168D-4C2E-97B7-2A6E37ED1F7D}.Ad-Hoc|iPhoneSimulator.Deploy.0 = Release|Any CPU
		{6BBFDBA4-168D-4C2E-97B7-2A6E37ED1F7D}.Ad-Hoc|x64.ActiveCfg = Release|x64
		{6BBFDBA4-168D-4C2E-97B7-2A6E37ED1F7D}.Ad-Hoc|x64.Build.0 = Release|x64
		{6BBFDBA4-168D-4C2E-97B7-2A6E37ED1F7D}.Ad-Hoc|x64.Deploy.0 = Release|x64
		{6BBFDBA4-168D-4C2E-97B7-2A6E37ED1F7D}.Ad-Hoc|x86.ActiveCfg = Release|x86
		{6BBFDBA4-168D-4C2E-97B7-2A6E37ED1F7D}.Ad-Hoc|x86.Build.0 = Release|x86
		{6BBFDBA4-168D-4C2E-97B7-2A6E37ED1F7D}.Ad-Hoc|x86.Deploy.0 = Release|x86
		{6BBFDBA4-168D-4C2E-97B7-2A6E37ED1F7D}.AppStore|Any CPU.ActiveCfg = Release|Any CPU
		{6BBFDBA4-168D-4C2E-97B7-2A6E37ED1F7D}.AppStore|Any CPU.Build.0 = Release|Any CPU
		{6BBFDBA4-168D-4C2E-97B7-2A6E37ED1F7D}.AppStore|Any CPU.Deploy.0 = Release|Any CPU
		{6BBFDBA4-168D-4C2E-97B7-2A6E37ED1F7D}.AppStore|ARM.ActiveCfg = Release|ARM
		{6BBFDBA4-168D-4C2E-97B7-2A6E37ED1F7D}.AppStore|ARM.Build.0 = Release|ARM
		{6BBFDBA4-168D-4C2E-97B7-2A6E37ED1F7D}.AppStore|ARM.Deploy.0 = Release|ARM
		{6BBFDBA4-168D-4C2E-97B7-2A6E37ED1F7D}.AppStore|iPhone.ActiveCfg = Release|Any CPU
		{6BBFDBA4-168D-4C2E-97B7-2A6E37ED1F7D}.AppStore|iPhone.Build.0 = Release|Any CPU
		{6BBFDBA4-168D-4C2E-97B7-2A6E37ED1F7D}.AppStore|iPhone.Deploy.0 = Release|Any CPU
		{6BBFDBA4-168D-4C2E-97B7-2A6E37ED1F7D}.AppStore|iPhoneSimulator.ActiveCfg = Release|Any CPU
		{6BBFDBA4-168D-4C2E-97B7-2A6E37ED1F7D}.AppStore|iPhoneSimulator.Build.0 = Release|Any CPU
		{6BBFDBA4-168D-4C2E-97B7-2A6E37ED1F7D}.AppStore|iPhoneSimulator.Deploy.0 = Release|Any CPU
		{6BBFDBA4-168D-4C2E-97B7-2A6E37ED1F7D}.AppStore|x64.ActiveCfg = Release|x64
		{6BBFDBA4-168D-4C2E-97B7-2A6E37ED1F7D}.AppStore|x64.Build.0 = Release|x64
		{6BBFDBA4-168D-4C2E-97B7-2A6E37ED1F7D}.AppStore|x64.Deploy.0 = Release|x64
		{6BBFDBA4-168D-4C2E-97B7-2A6E37ED1F7D}.AppStore|x86.ActiveCfg = Release|x86
		{6BBFDBA4-168D-4C2E-97B7-2A6E37ED1F7D}.AppStore|x86.Build.0 = Release|x86
		{6BBFDBA4-168D-4C2E-97B7-2A6E37ED1F7D}.AppStore|x86.Deploy.0 = Release|x86
		{6BBFDBA4-168D-4C2E-97B7-2A6E37ED1F7D}.Debug|Any CPU.ActiveCfg = Debug|Any CPU
		{6BBFDBA4-168D-4C2E-97B7-2A6E37ED1F7D}.Debug|Any CPU.Build.0 = Debug|Any CPU
		{6BBFDBA4-168D-4C2E-97B7-2A6E37ED1F7D}.Debug|Any CPU.Deploy.0 = Debug|Any CPU
		{6BBFDBA4-168D-4C2E-97B7-2A6E37ED1F7D}.Debug|ARM.ActiveCfg = Debug|ARM
		{6BBFDBA4-168D-4C2E-97B7-2A6E37ED1F7D}.Debug|ARM.Build.0 = Debug|ARM
		{6BBFDBA4-168D-4C2E-97B7-2A6E37ED1F7D}.Debug|ARM.Deploy.0 = Debug|ARM
		{6BBFDBA4-168D-4C2E-97B7-2A6E37ED1F7D}.Debug|iPhone.ActiveCfg = Debug|Any CPU
		{6BBFDBA4-168D-4C2E-97B7-2A6E37ED1F7D}.Debug|iPhone.Build.0 = Debug|Any CPU
		{6BBFDBA4-168D-4C2E-97B7-2A6E37ED1F7D}.Debug|iPhone.Deploy.0 = Debug|Any CPU
		{6BBFDBA4-168D-4C2E-97B7-2A6E37ED1F7D}.Debug|iPhoneSimulator.ActiveCfg = Debug|Any CPU
		{6BBFDBA4-168D-4C2E-97B7-2A6E37ED1F7D}.Debug|iPhoneSimulator.Build.0 = Debug|Any CPU
		{6BBFDBA4-168D-4C2E-97B7-2A6E37ED1F7D}.Debug|iPhoneSimulator.Deploy.0 = Debug|Any CPU
		{6BBFDBA4-168D-4C2E-97B7-2A6E37ED1F7D}.Debug|x64.ActiveCfg = Debug|x64
		{6BBFDBA4-168D-4C2E-97B7-2A6E37ED1F7D}.Debug|x64.Build.0 = Debug|x64
		{6BBFDBA4-168D-4C2E-97B7-2A6E37ED1F7D}.Debug|x64.Deploy.0 = Debug|x64
		{6BBFDBA4-168D-4C2E-97B7-2A6E37ED1F7D}.Debug|x86.ActiveCfg = Debug|x86
		{6BBFDBA4-168D-4C2E-97B7-2A6E37ED1F7D}.Debug|x86.Build.0 = Debug|x86
		{6BBFDBA4-168D-4C2E-97B7-2A6E37ED1F7D}.Debug|x86.Deploy.0 = Debug|x86
		{6BBFDBA4-168D-4C2E-97B7-2A6E37ED1F7D}.Release|Any CPU.ActiveCfg = Release|Any CPU
		{6BBFDBA4-168D-4C2E-97B7-2A6E37ED1F7D}.Release|Any CPU.Build.0 = Release|Any CPU
		{6BBFDBA4-168D-4C2E-97B7-2A6E37ED1F7D}.Release|Any CPU.Deploy.0 = Release|Any CPU
		{6BBFDBA4-168D-4C2E-97B7-2A6E37ED1F7D}.Release|ARM.ActiveCfg = Release|ARM
		{6BBFDBA4-168D-4C2E-97B7-2A6E37ED1F7D}.Release|ARM.Build.0 = Release|ARM
		{6BBFDBA4-168D-4C2E-97B7-2A6E37ED1F7D}.Release|ARM.Deploy.0 = Release|ARM
		{6BBFDBA4-168D-4C2E-97B7-2A6E37ED1F7D}.Release|iPhone.ActiveCfg = Release|Any CPU
		{6BBFDBA4-168D-4C2E-97B7-2A6E37ED1F7D}.Release|iPhone.Build.0 = Release|Any CPU
		{6BBFDBA4-168D-4C2E-97B7-2A6E37ED1F7D}.Release|iPhone.Deploy.0 = Release|Any CPU
		{6BBFDBA4-168D-4C2E-97B7-2A6E37ED1F7D}.Release|iPhoneSimulator.ActiveCfg = Release|Any CPU
		{6BBFDBA4-168D-4C2E-97B7-2A6E37ED1F7D}.Release|iPhoneSimulator.Build.0 = Release|Any CPU
		{6BBFDBA4-168D-4C2E-97B7-2A6E37ED1F7D}.Release|iPhoneSimulator.Deploy.0 = Release|Any CPU
		{6BBFDBA4-168D-4C2E-97B7-2A6E37ED1F7D}.Release|x64.ActiveCfg = Release|x64
		{6BBFDBA4-168D-4C2E-97B7-2A6E37ED1F7D}.Release|x64.Build.0 = Release|x64
		{6BBFDBA4-168D-4C2E-97B7-2A6E37ED1F7D}.Release|x64.Deploy.0 = Release|x64
		{6BBFDBA4-168D-4C2E-97B7-2A6E37ED1F7D}.Release|x86.ActiveCfg = Release|x86
		{6BBFDBA4-168D-4C2E-97B7-2A6E37ED1F7D}.Release|x86.Build.0 = Release|x86
		{6BBFDBA4-168D-4C2E-97B7-2A6E37ED1F7D}.Release|x86.Deploy.0 = Release|x86
	EndGlobalSection
	GlobalSection(SolutionProperties) = preSolution
		HideSolutionNode = FALSE
	EndGlobalSection
EndGlobal
